
Microsoft Visual Studio Solution File, Format Version 12.00
# Visual Studio Version 17
VisualStudioVersion = 17.1.32407.343
MinimumVisualStudioVersion = 10.0.40219.1
Project("{2150E333-8FDC-42A3-9474-1A3956D46DE8}") = "Android", "Android", "{5A0C572A-D959-402A-8B67-CE4BF6B8417B}"
EndProject
Project("{2150E333-8FDC-42A3-9474-1A3956D46DE8}") = "Shared", "Shared", "{EC6F7546-E509-4326-AFC5-2C0A0F6E3D85}"
EndProject
Project("{2150E333-8FDC-42A3-9474-1A3956D46DE8}") = "Windows", "Windows", "{B63BC1C2-103F-4597-B18F-ED84DE4F847F}"
EndProject
Project("{2150E333-8FDC-42A3-9474-1A3956D46DE8}") = "ThirdParty", "ThirdParty", "{011AC25E-A921-4289-8C5B-A3D874DD70CF}"
EndProject
Project("{2150E333-8FDC-42A3-9474-1A3956D46DE8}") = "ThirdParty", "ThirdParty", "{1A6B2D8F-2A19-4E24-9A12-DBB91BB3638B}"
EndProject
Project("{2150E333-8FDC-42A3-9474-1A3956D46DE8}") = "ThirdParty", "ThirdParty", "{97B97F08-4B61-4C5F-A577-FE96950771FE}"
EndProject
Project("{8BC9CEB8-8B4A-11D0-8D11-00A0C91BC942}") = "V3DEngine", "Shared\V3DEngine\V3DEngine.vcxitems", "{DD03855B-A659-46C3-A6E8-9C7874956328}"
EndProject
Project("{8BC9CEB8-8B4A-11D0-8D11-00A0C91BC942}") = "V3DEngineTests", "Shared\V3DEngineTests\V3DEngineTests.vcxitems", "{7012D474-0EE0-4F04-83A9-B13B4D8A77DB}"
EndProject
Project("{8BC9CEB8-8B4A-11D0-8D11-00A0C91BC942}") = "V3DEngineTests", "Windows\V3DEngineTests\V3DEngineTests.vcxproj", "{FE4A9388-2978-4439-A9EA-1697E06A3F64}"
EndProject
Project("{8BC9CEB8-8B4A-11D0-8D11-00A0C91BC942}") = "V3DEngine", "Windows\V3DEngine\V3DEngine.vcxproj", "{F80BF265-B06B-4A8B-91F0-6C4F0736DD6F}"
EndProject
Project("{8BC9CEB8-8B4A-11D0-8D11-00A0C91BC942}") = "V3DEngine", "Android\V3DEngine\V3DEngine.vcxproj", "{FA00616C-6032-44BA-B4FB-49A8005F6A45}"
EndProject
Project("{2150E333-8FDC-42A3-9474-1A3956D46DE8}") = "V3DEngineTests", "V3DEngineTests", "{C1927265-C6E2-4833-8E6E-2E4727A4C006}"
EndProject
Project("{39E2626F-3545-4960-A6E8-258AD8476CE5}") = "V3DEngineTests.Packaging", "Android\V3DEngineTests\V3DEngineTests.Packaging\V3DEngineTests.Packaging.androidproj", "{9F5A2F9D-3309-49F1-9A4E-A00C8F319828}"
EndProject
Project("{8BC9CEB8-8B4A-11D0-8D11-00A0C91BC942}") = "V3DEngineTests.NativeActivity", "Android\V3DEngineTests\V3DEngineTests.NativeActivity\V3DEngineTests.NativeActivity.vcxproj", "{38107070-E6EE-4E58-9FAD-ECAB69573B0C}"
EndProject
Project("{2150E333-8FDC-42A3-9474-1A3956D46DE8}") = "Json", "Json", "{C16F7609-1DD0-4C6B-B7C8-7A1C6A6258DF}"
	ProjectSection(SolutionItems) = preProject
		..\..\Source\Shared\ThirdParty\Json\json.hpp = ..\..\Source\Shared\ThirdParty\Json\json.hpp
		..\..\Source\Shared\ThirdParty\Json\json_fwd.hpp = ..\..\Source\Shared\ThirdParty\Json\json_fwd.hpp
	EndProjectSection
EndProject
Project("{2150E333-8FDC-42A3-9474-1A3956D46DE8}") = "Json", "Json", "{970B57C8-591E-4313-93C2-949EB5759425}"
	ProjectSection(SolutionItems) = preProject
		..\..\Source\Android\ThirdParty\Json\JsonAndroidHelper.h = ..\..\Source\Android\ThirdParty\Json\JsonAndroidHelper.h
	EndProjectSection
EndProject
Project("{2150E333-8FDC-42A3-9474-1A3956D46DE8}") = "SQLite", "SQLite", "{5297B740-CB77-48C1-ADC6-26ECEDA8287A}"
	ProjectSection(SolutionItems) = preProject
		..\..\Source\Windows\ThirdParty\SQLite\sqlite3.h = ..\..\Source\Windows\ThirdParty\SQLite\sqlite3.h
	EndProjectSection
EndProject
Project("{2150E333-8FDC-42A3-9474-1A3956D46DE8}") = "Fakeit", "Fakeit", "{50B4E225-8FCE-4F20-8E22-550F2AD5A38E}"
EndProject
Project("{2150E333-8FDC-42A3-9474-1A3956D46DE8}") = "standalone", "standalone", "{F884C255-B850-4742-B5DF-E50655CBA587}"
	ProjectSection(SolutionItems) = preProject
		..\..\Source\Shared\ThirdParty\Fakeit\standalone\fakeit.hpp = ..\..\Source\Shared\ThirdParty\Fakeit\standalone\fakeit.hpp
	EndProjectSection
EndProject
Project("{2150E333-8FDC-42A3-9474-1A3956D46DE8}") = "PicoHash", "PicoHash", "{F6167965-865C-4A1A-BA07-334002FF81CD}"
	ProjectSection(SolutionItems) = preProject
		..\..\Source\Shared\ThirdParty\PicoHash\picohash.h = ..\..\Source\Shared\ThirdParty\PicoHash\picohash.h
	EndProjectSection
EndProject
Project("{8BC9CEB8-8B4A-11D0-8D11-00A0C91BC942}") = "SoLoud", "Shared\ThirdParty\SoLoud\SoLoud.vcxitems", "{C84F65F4-586C-441B-B8D5-781D7C75F4E9}"
EndProject
Project("{8BC9CEB8-8B4A-11D0-8D11-00A0C91BC942}") = "SoLoud", "Windows\ThirdParty\SoLoud\SoLoud.vcxproj", "{C882E4DA-709A-4974-9CE3-ECD73A1DC4D7}"
EndProject
Project("{8BC9CEB8-8B4A-11D0-8D11-00A0C91BC942}") = "SoLoud", "Android\ThirdParty\SoLoud\SoLoud.vcxproj", "{74658272-BD95-450E-807B-FD101F56E39F}"
EndProject
Global
	GlobalSection(SolutionConfigurationPlatforms) = preSolution
		Debug|ARM = Debug|ARM
		Debug|ARM64 = Debug|ARM64
		Debug|x64 = Debug|x64
		Debug|x86 = Debug|x86
		Release|ARM = Release|ARM
		Release|ARM64 = Release|ARM64
		Release|x64 = Release|x64
		Release|x86 = Release|x86
	EndGlobalSection
	GlobalSection(ProjectConfigurationPlatforms) = postSolution
		{FE4A9388-2978-4439-A9EA-1697E06A3F64}.Debug|ARM.ActiveCfg = Debug|x64
		{FE4A9388-2978-4439-A9EA-1697E06A3F64}.Debug|ARM.Build.0 = Debug|x64
		{FE4A9388-2978-4439-A9EA-1697E06A3F64}.Debug|ARM64.ActiveCfg = Debug|x64
		{FE4A9388-2978-4439-A9EA-1697E06A3F64}.Debug|ARM64.Build.0 = Debug|x64
		{FE4A9388-2978-4439-A9EA-1697E06A3F64}.Debug|x64.ActiveCfg = Debug|x64
		{FE4A9388-2978-4439-A9EA-1697E06A3F64}.Debug|x64.Build.0 = Debug|x64
		{FE4A9388-2978-4439-A9EA-1697E06A3F64}.Debug|x86.ActiveCfg = Debug|x64
		{FE4A9388-2978-4439-A9EA-1697E06A3F64}.Debug|x86.Build.0 = Debug|x64
		{FE4A9388-2978-4439-A9EA-1697E06A3F64}.Release|ARM.ActiveCfg = Release|x64
		{FE4A9388-2978-4439-A9EA-1697E06A3F64}.Release|ARM.Build.0 = Release|x64
		{FE4A9388-2978-4439-A9EA-1697E06A3F64}.Release|ARM64.ActiveCfg = Release|x64
		{FE4A9388-2978-4439-A9EA-1697E06A3F64}.Release|ARM64.Build.0 = Release|x64
		{FE4A9388-2978-4439-A9EA-1697E06A3F64}.Release|x64.ActiveCfg = Release|x64
		{FE4A9388-2978-4439-A9EA-1697E06A3F64}.Release|x64.Build.0 = Release|x64
		{FE4A9388-2978-4439-A9EA-1697E06A3F64}.Release|x86.ActiveCfg = Release|x64
		{FE4A9388-2978-4439-A9EA-1697E06A3F64}.Release|x86.Build.0 = Release|x64
		{F80BF265-B06B-4A8B-91F0-6C4F0736DD6F}.Debug|ARM.ActiveCfg = Debug|x64
		{F80BF265-B06B-4A8B-91F0-6C4F0736DD6F}.Debug|ARM.Build.0 = Debug|x64
		{F80BF265-B06B-4A8B-91F0-6C4F0736DD6F}.Debug|ARM64.ActiveCfg = Debug|x64
		{F80BF265-B06B-4A8B-91F0-6C4F0736DD6F}.Debug|ARM64.Build.0 = Debug|x64
		{F80BF265-B06B-4A8B-91F0-6C4F0736DD6F}.Debug|x64.ActiveCfg = Debug|x64
		{F80BF265-B06B-4A8B-91F0-6C4F0736DD6F}.Debug|x64.Build.0 = Debug|x64
		{F80BF265-B06B-4A8B-91F0-6C4F0736DD6F}.Debug|x86.ActiveCfg = Debug|x64
		{F80BF265-B06B-4A8B-91F0-6C4F0736DD6F}.Debug|x86.Build.0 = Debug|x64
		{F80BF265-B06B-4A8B-91F0-6C4F0736DD6F}.Release|ARM.ActiveCfg = Release|x64
		{F80BF265-B06B-4A8B-91F0-6C4F0736DD6F}.Release|ARM.Build.0 = Release|x64
		{F80BF265-B06B-4A8B-91F0-6C4F0736DD6F}.Release|ARM64.ActiveCfg = Release|x64
		{F80BF265-B06B-4A8B-91F0-6C4F0736DD6F}.Release|ARM64.Build.0 = Release|x64
		{F80BF265-B06B-4A8B-91F0-6C4F0736DD6F}.Release|x64.ActiveCfg = Release|x64
		{F80BF265-B06B-4A8B-91F0-6C4F0736DD6F}.Release|x64.Build.0 = Release|x64
		{F80BF265-B06B-4A8B-91F0-6C4F0736DD6F}.Release|x86.ActiveCfg = Release|x64
		{F80BF265-B06B-4A8B-91F0-6C4F0736DD6F}.Release|x86.Build.0 = Release|x64
		{FA00616C-6032-44BA-B4FB-49A8005F6A45}.Debug|ARM.ActiveCfg = Debug|ARM
		{FA00616C-6032-44BA-B4FB-49A8005F6A45}.Debug|ARM.Build.0 = Debug|ARM
		{FA00616C-6032-44BA-B4FB-49A8005F6A45}.Debug|ARM64.ActiveCfg = Debug|ARM64
		{FA00616C-6032-44BA-B4FB-49A8005F6A45}.Debug|ARM64.Build.0 = Debug|ARM64
		{FA00616C-6032-44BA-B4FB-49A8005F6A45}.Debug|x64.ActiveCfg = Debug|x64
		{FA00616C-6032-44BA-B4FB-49A8005F6A45}.Debug|x64.Build.0 = Debug|x64
		{FA00616C-6032-44BA-B4FB-49A8005F6A45}.Debug|x86.ActiveCfg = Debug|x86
		{FA00616C-6032-44BA-B4FB-49A8005F6A45}.Debug|x86.Build.0 = Debug|x86
		{FA00616C-6032-44BA-B4FB-49A8005F6A45}.Release|ARM.ActiveCfg = Release|ARM
		{FA00616C-6032-44BA-B4FB-49A8005F6A45}.Release|ARM.Build.0 = Release|ARM
		{FA00616C-6032-44BA-B4FB-49A8005F6A45}.Release|ARM64.ActiveCfg = Release|ARM64
		{FA00616C-6032-44BA-B4FB-49A8005F6A45}.Release|ARM64.Build.0 = Release|ARM64
		{FA00616C-6032-44BA-B4FB-49A8005F6A45}.Release|x64.ActiveCfg = Release|x64
		{FA00616C-6032-44BA-B4FB-49A8005F6A45}.Release|x64.Build.0 = Release|x64
		{FA00616C-6032-44BA-B4FB-49A8005F6A45}.Release|x86.ActiveCfg = Release|x86
		{FA00616C-6032-44BA-B4FB-49A8005F6A45}.Release|x86.Build.0 = Release|x86
		{9F5A2F9D-3309-49F1-9A4E-A00C8F319828}.Debug|ARM.ActiveCfg = Debug|ARM
		{9F5A2F9D-3309-49F1-9A4E-A00C8F319828}.Debug|ARM.Build.0 = Debug|ARM
		{9F5A2F9D-3309-49F1-9A4E-A00C8F319828}.Debug|ARM.Deploy.0 = Debug|ARM
		{9F5A2F9D-3309-49F1-9A4E-A00C8F319828}.Debug|ARM64.ActiveCfg = Debug|ARM64
		{9F5A2F9D-3309-49F1-9A4E-A00C8F319828}.Debug|ARM64.Build.0 = Debug|ARM64
		{9F5A2F9D-3309-49F1-9A4E-A00C8F319828}.Debug|ARM64.Deploy.0 = Debug|ARM64
		{9F5A2F9D-3309-49F1-9A4E-A00C8F319828}.Debug|x64.ActiveCfg = Debug|x64
		{9F5A2F9D-3309-49F1-9A4E-A00C8F319828}.Debug|x64.Build.0 = Debug|x64
		{9F5A2F9D-3309-49F1-9A4E-A00C8F319828}.Debug|x64.Deploy.0 = Debug|x64
		{9F5A2F9D-3309-49F1-9A4E-A00C8F319828}.Debug|x86.ActiveCfg = Debug|x86
		{9F5A2F9D-3309-49F1-9A4E-A00C8F319828}.Debug|x86.Build.0 = Debug|x86
		{9F5A2F9D-3309-49F1-9A4E-A00C8F319828}.Debug|x86.Deploy.0 = Debug|x86
		{9F5A2F9D-3309-49F1-9A4E-A00C8F319828}.Release|ARM.ActiveCfg = Release|ARM
		{9F5A2F9D-3309-49F1-9A4E-A00C8F319828}.Release|ARM.Build.0 = Release|ARM
		{9F5A2F9D-3309-49F1-9A4E-A00C8F319828}.Release|ARM.Deploy.0 = Release|ARM
		{9F5A2F9D-3309-49F1-9A4E-A00C8F319828}.Release|ARM64.ActiveCfg = Release|ARM64
		{9F5A2F9D-3309-49F1-9A4E-A00C8F319828}.Release|ARM64.Build.0 = Release|ARM64
		{9F5A2F9D-3309-49F1-9A4E-A00C8F319828}.Release|ARM64.Deploy.0 = Release|ARM64
		{9F5A2F9D-3309-49F1-9A4E-A00C8F319828}.Release|x64.ActiveCfg = Release|x64
		{9F5A2F9D-3309-49F1-9A4E-A00C8F319828}.Release|x64.Build.0 = Release|x64
		{9F5A2F9D-3309-49F1-9A4E-A00C8F319828}.Release|x64.Deploy.0 = Release|x64
		{9F5A2F9D-3309-49F1-9A4E-A00C8F319828}.Release|x86.ActiveCfg = Release|x86
		{9F5A2F9D-3309-49F1-9A4E-A00C8F319828}.Release|x86.Build.0 = Release|x86
		{9F5A2F9D-3309-49F1-9A4E-A00C8F319828}.Release|x86.Deploy.0 = Release|x86
		{38107070-E6EE-4E58-9FAD-ECAB69573B0C}.Debug|ARM.ActiveCfg = Debug|ARM
		{38107070-E6EE-4E58-9FAD-ECAB69573B0C}.Debug|ARM.Build.0 = Debug|ARM
		{38107070-E6EE-4E58-9FAD-ECAB69573B0C}.Debug|ARM64.ActiveCfg = Debug|ARM64
		{38107070-E6EE-4E58-9FAD-ECAB69573B0C}.Debug|ARM64.Build.0 = Debug|ARM64
		{38107070-E6EE-4E58-9FAD-ECAB69573B0C}.Debug|x64.ActiveCfg = Debug|x64
		{38107070-E6EE-4E58-9FAD-ECAB69573B0C}.Debug|x64.Build.0 = Debug|x64
		{38107070-E6EE-4E58-9FAD-ECAB69573B0C}.Debug|x86.ActiveCfg = Debug|x86
		{38107070-E6EE-4E58-9FAD-ECAB69573B0C}.Debug|x86.Build.0 = Debug|x86
		{38107070-E6EE-4E58-9FAD-ECAB69573B0C}.Release|ARM.ActiveCfg = Release|ARM
		{38107070-E6EE-4E58-9FAD-ECAB69573B0C}.Release|ARM.Build.0 = Release|ARM
		{38107070-E6EE-4E58-9FAD-ECAB69573B0C}.Release|ARM64.ActiveCfg = Release|ARM64
		{38107070-E6EE-4E58-9FAD-ECAB69573B0C}.Release|ARM64.Build.0 = Release|ARM64
		{38107070-E6EE-4E58-9FAD-ECAB69573B0C}.Release|x64.ActiveCfg = Release|x64
		{38107070-E6EE-4E58-9FAD-ECAB69573B0C}.Release|x64.Build.0 = Release|x64
		{38107070-E6EE-4E58-9FAD-ECAB69573B0C}.Release|x86.ActiveCfg = Release|x86
		{38107070-E6EE-4E58-9FAD-ECAB69573B0C}.Release|x86.Build.0 = Release|x86
		{C882E4DA-709A-4974-9CE3-ECD73A1DC4D7}.Debug|ARM.ActiveCfg = Debug|x64
		{C882E4DA-709A-4974-9CE3-ECD73A1DC4D7}.Debug|ARM.Build.0 = Debug|x64
		{C882E4DA-709A-4974-9CE3-ECD73A1DC4D7}.Debug|ARM64.ActiveCfg = Debug|x64
		{C882E4DA-709A-4974-9CE3-ECD73A1DC4D7}.Debug|ARM64.Build.0 = Debug|x64
		{C882E4DA-709A-4974-9CE3-ECD73A1DC4D7}.Debug|x64.ActiveCfg = Debug|x64
		{C882E4DA-709A-4974-9CE3-ECD73A1DC4D7}.Debug|x64.Build.0 = Debug|x64
		{C882E4DA-709A-4974-9CE3-ECD73A1DC4D7}.Debug|x86.ActiveCfg = Debug|x64
		{C882E4DA-709A-4974-9CE3-ECD73A1DC4D7}.Debug|x86.Build.0 = Debug|x64
		{C882E4DA-709A-4974-9CE3-ECD73A1DC4D7}.Release|ARM.ActiveCfg = Release|x64
		{C882E4DA-709A-4974-9CE3-ECD73A1DC4D7}.Release|ARM.Build.0 = Release|x64
		{C882E4DA-709A-4974-9CE3-ECD73A1DC4D7}.Release|ARM64.ActiveCfg = Release|x64
		{C882E4DA-709A-4974-9CE3-ECD73A1DC4D7}.Release|ARM64.Build.0 = Release|x64
		{C882E4DA-709A-4974-9CE3-ECD73A1DC4D7}.Release|x64.ActiveCfg = Release|x64
		{C882E4DA-709A-4974-9CE3-ECD73A1DC4D7}.Release|x64.Build.0 = Release|x64
		{C882E4DA-709A-4974-9CE3-ECD73A1DC4D7}.Release|x86.ActiveCfg = Release|x64
		{C882E4DA-709A-4974-9CE3-ECD73A1DC4D7}.Release|x86.Build.0 = Release|x64
		{74658272-BD95-450E-807B-FD101F56E39F}.Debug|ARM.ActiveCfg = Debug|ARM
		{74658272-BD95-450E-807B-FD101F56E39F}.Debug|ARM.Build.0 = Debug|ARM
		{74658272-BD95-450E-807B-FD101F56E39F}.Debug|ARM64.ActiveCfg = Debug|ARM64
		{74658272-BD95-450E-807B-FD101F56E39F}.Debug|ARM64.Build.0 = Debug|ARM64
		{74658272-BD95-450E-807B-FD101F56E39F}.Debug|x64.ActiveCfg = Debug|x64
		{74658272-BD95-450E-807B-FD101F56E39F}.Debug|x64.Build.0 = Debug|x64
		{74658272-BD95-450E-807B-FD101F56E39F}.Debug|x86.ActiveCfg = Debug|x86
		{74658272-BD95-450E-807B-FD101F56E39F}.Debug|x86.Build.0 = Debug|x86
		{74658272-BD95-450E-807B-FD101F56E39F}.Release|ARM.ActiveCfg = Release|ARM
		{74658272-BD95-450E-807B-FD101F56E39F}.Release|ARM.Build.0 = Release|ARM
		{74658272-BD95-450E-807B-FD101F56E39F}.Release|ARM64.ActiveCfg = Release|ARM64
		{74658272-BD95-450E-807B-FD101F56E39F}.Release|ARM64.Build.0 = Release|ARM64
		{74658272-BD95-450E-807B-FD101F56E39F}.Release|x64.ActiveCfg = Release|x64
		{74658272-BD95-450E-807B-FD101F56E39F}.Release|x64.Build.0 = Release|x64
		{74658272-BD95-450E-807B-FD101F56E39F}.Release|x86.ActiveCfg = Release|x86
		{74658272-BD95-450E-807B-FD101F56E39F}.Release|x86.Build.0 = Release|x86
	EndGlobalSection
	GlobalSection(SolutionProperties) = preSolution
		HideSolutionNode = FALSE
	EndGlobalSection
	GlobalSection(NestedProjects) = preSolution
		{011AC25E-A921-4289-8C5B-A3D874DD70CF} = {5A0C572A-D959-402A-8B67-CE4BF6B8417B}
		{1A6B2D8F-2A19-4E24-9A12-DBB91BB3638B} = {EC6F7546-E509-4326-AFC5-2C0A0F6E3D85}
		{97B97F08-4B61-4C5F-A577-FE96950771FE} = {B63BC1C2-103F-4597-B18F-ED84DE4F847F}
		{DD03855B-A659-46C3-A6E8-9C7874956328} = {EC6F7546-E509-4326-AFC5-2C0A0F6E3D85}
		{7012D474-0EE0-4F04-83A9-B13B4D8A77DB} = {EC6F7546-E509-4326-AFC5-2C0A0F6E3D85}
		{FE4A9388-2978-4439-A9EA-1697E06A3F64} = {B63BC1C2-103F-4597-B18F-ED84DE4F847F}
		{F80BF265-B06B-4A8B-91F0-6C4F0736DD6F} = {B63BC1C2-103F-4597-B18F-ED84DE4F847F}
		{FA00616C-6032-44BA-B4FB-49A8005F6A45} = {5A0C572A-D959-402A-8B67-CE4BF6B8417B}
		{C1927265-C6E2-4833-8E6E-2E4727A4C006} = {5A0C572A-D959-402A-8B67-CE4BF6B8417B}
		{9F5A2F9D-3309-49F1-9A4E-A00C8F319828} = {C1927265-C6E2-4833-8E6E-2E4727A4C006}
		{38107070-E6EE-4E58-9FAD-ECAB69573B0C} = {C1927265-C6E2-4833-8E6E-2E4727A4C006}
		{C16F7609-1DD0-4C6B-B7C8-7A1C6A6258DF} = {1A6B2D8F-2A19-4E24-9A12-DBB91BB3638B}
		{970B57C8-591E-4313-93C2-949EB5759425} = {011AC25E-A921-4289-8C5B-A3D874DD70CF}
		{5297B740-CB77-48C1-ADC6-26ECEDA8287A} = {97B97F08-4B61-4C5F-A577-FE96950771FE}
		{50B4E225-8FCE-4F20-8E22-550F2AD5A38E} = {1A6B2D8F-2A19-4E24-9A12-DBB91BB3638B}
		{F884C255-B850-4742-B5DF-E50655CBA587} = {50B4E225-8FCE-4F20-8E22-550F2AD5A38E}
		{F6167965-865C-4A1A-BA07-334002FF81CD} = {1A6B2D8F-2A19-4E24-9A12-DBB91BB3638B}
		{C84F65F4-586C-441B-B8D5-781D7C75F4E9} = {1A6B2D8F-2A19-4E24-9A12-DBB91BB3638B}
		{C882E4DA-709A-4974-9CE3-ECD73A1DC4D7} = {97B97F08-4B61-4C5F-A577-FE96950771FE}
		{74658272-BD95-450E-807B-FD101F56E39F} = {011AC25E-A921-4289-8C5B-A3D874DD70CF}
	EndGlobalSection
	GlobalSection(ExtensibilityGlobals) = postSolution
		SolutionGuid = {0C445ECF-1191-424E-93F8-CAA5EC40B04B}
	EndGlobalSection
	GlobalSection(SharedMSBuildProjectFiles) = preSolution
		Shared\V3DEngineTests\V3DEngineTests.vcxitems*{38107070-e6ee-4e58-9fad-ecab69573b0c}*SharedItemsImports = 4
		Shared\V3DEngineTests\V3DEngineTests.vcxitems*{7012d474-0ee0-4f04-83a9-b13b4d8a77db}*SharedItemsImports = 9
		Shared\ThirdParty\SoLoud\SoLoud.vcxitems*{74658272-bd95-450e-807b-fd101f56e39f}*SharedItemsImports = 4
		Shared\ThirdParty\SoLoud\SoLoud.vcxitems*{c84f65f4-586c-441b-b8d5-781d7c75f4e9}*SharedItemsImports = 9
		Shared\ThirdParty\SoLoud\SoLoud.vcxitems*{c882e4da-709a-4974-9ce3-ecd73a1dc4d7}*SharedItemsImports = 4
		Shared\V3DEngine\V3DEngine.vcxitems*{dd03855b-a659-46c3-a6e8-9c7874956328}*SharedItemsImports = 9
		Shared\V3DEngine\V3DEngine.vcxitems*{f80bf265-b06b-4a8b-91f0-6c4f0736dd6f}*SharedItemsImports = 4
		Shared\V3DEngine\V3DEngine.vcxitems*{fa00616c-6032-44ba-b4fb-49a8005f6a45}*SharedItemsImports = 4
		Shared\V3DEngineTests\V3DEngineTests.vcxitems*{fe4a9388-2978-4439-a9ea-1697e06a3f64}*SharedItemsImports = 4
	EndGlobalSection
EndGlobal
