
Microsoft Visual Studio Solution File, Format Version 12.00
# Visual Studio Version 16
VisualStudioVersion = 16.0.29728.190
MinimumVisualStudioVersion = 10.0.40219.1
Project("{2150E333-8FDC-42A3-9474-1A3956D46DE8}") = "Android", "Android", "{5A0C572A-D959-402A-8B67-CE4BF6B8417B}"
EndProject
Project("{2150E333-8FDC-42A3-9474-1A3956D46DE8}") = "Shared", "Shared", "{EC6F7546-E509-4326-AFC5-2C0A0F6E3D85}"
EndProject
Project("{2150E333-8FDC-42A3-9474-1A3956D46DE8}") = "Windows", "Windows", "{B63BC1C2-103F-4597-B18F-ED84DE4F847F}"
EndProject
Project("{2150E333-8FDC-42A3-9474-1A3956D46DE8}") = "ThirdParty", "ThirdParty", "{011AC25E-A921-4289-8C5B-A3D874DD70CF}"
EndProject
Project("{2150E333-8FDC-42A3-9474-1A3956D46DE8}") = "ThirdParty", "ThirdParty", "{1A6B2D8F-2A19-4E24-9A12-DBB91BB3638B}"
EndProject
Project("{2150E333-8FDC-42A3-9474-1A3956D46DE8}") = "ThirdParty", "ThirdParty", "{97B97F08-4B61-4C5F-A577-FE96950771FE}"
EndProject
Project("{8BC9CEB8-8B4A-11D0-8D11-00A0C91BC942}") = "V3DEngine", "Shared\V3DEngine\V3DEngine.vcxitems", "{DD03855B-A659-46C3-A6E8-9C7874956328}"
EndProject
Project("{8BC9CEB8-8B4A-11D0-8D11-00A0C91BC942}") = "V3DEngineTests", "Shared\V3DEngineTests\V3DEngineTests.vcxitems", "{7012D474-0EE0-4F04-83A9-B13B4D8A77DB}"
EndProject
Project("{8BC9CEB8-8B4A-11D0-8D11-00A0C91BC942}") = "V3DEngineTests", "Windows\V3DEngineTests\V3DEngineTests.vcxproj", "{FE4A9388-2978-4439-A9EA-1697E06A3F64}"
EndProject
Project("{8BC9CEB8-8B4A-11D0-8D11-00A0C91BC942}") = "V3DEngine", "Windows\V3DEngine\V3DEngine.vcxproj", "{F80BF265-B06B-4A8B-91F0-6C4F0736DD6F}"
EndProject
Project("{8BC9CEB8-8B4A-11D0-8D11-00A0C91BC942}") = "V3DEngine", "Android\V3DEngine\V3DEngine.vcxproj", "{FA00616C-6032-44BA-B4FB-49A8005F6A45}"
EndProject
Project("{2150E333-8FDC-42A3-9474-1A3956D46DE8}") = "V3DEngineTests", "V3DEngineTests", "{C1927265-C6E2-4833-8E6E-2E4727A4C006}"
EndProject
Project("{39E2626F-3545-4960-A6E8-258AD8476CE5}") = "V3DEngineTests.Packaging", "Android\V3DEngineTests\V3DEngineTests.Packaging\V3DEngineTests.Packaging.androidproj", "{9F5A2F9D-3309-49F1-9A4E-A00C8F319828}"
EndProject
Project("{8BC9CEB8-8B4A-11D0-8D11-00A0C91BC942}") = "V3DEngineTests.NativeActivity", "Android\V3DEngineTests\V3DEngineTests.NativeActivity\V3DEngineTests.NativeActivity.vcxproj", "{38107070-E6EE-4E58-9FAD-ECAB69573B0C}"
EndProject
Global
	GlobalSection(SharedMSBuildProjectFiles) = preSolution
		Shared\V3DEngineTests\V3DEngineTests.vcxitems*{38107070-e6ee-4e58-9fad-ecab69573b0c}*SharedItemsImports = 4
		Shared\V3DEngineTests\V3DEngineTests.vcxitems*{7012d474-0ee0-4f04-83a9-b13b4d8a77db}*SharedItemsImports = 9
		Shared\V3DEngine\V3DEngine.vcxitems*{dd03855b-a659-46c3-a6e8-9c7874956328}*SharedItemsImports = 9
		Shared\V3DEngine\V3DEngine.vcxitems*{f80bf265-b06b-4a8b-91f0-6c4f0736dd6f}*SharedItemsImports = 4
		Shared\V3DEngine\V3DEngine.vcxitems*{fa00616c-6032-44ba-b4fb-49a8005f6a45}*SharedItemsImports = 4
		Shared\V3DEngineTests\V3DEngineTests.vcxitems*{fe4a9388-2978-4439-a9ea-1697e06a3f64}*SharedItemsImports = 4
	EndGlobalSection
	GlobalSection(SolutionConfigurationPlatforms) = preSolution
		Debug|32bit = Debug|32bit
		Debug|64bit = Debug|64bit
		Release|32bit = Release|32bit
		Release|64bit = Release|64bit
	EndGlobalSection
	GlobalSection(ProjectConfigurationPlatforms) = postSolution
		{FE4A9388-2978-4439-A9EA-1697E06A3F64}.Debug|32bit.ActiveCfg = Debug|x64
		{FE4A9388-2978-4439-A9EA-1697E06A3F64}.Debug|32bit.Build.0 = Debug|x64
		{FE4A9388-2978-4439-A9EA-1697E06A3F64}.Debug|64bit.ActiveCfg = Debug|x64
		{FE4A9388-2978-4439-A9EA-1697E06A3F64}.Debug|64bit.Build.0 = Debug|x64
		{FE4A9388-2978-4439-A9EA-1697E06A3F64}.Release|32bit.ActiveCfg = Release|x64
		{FE4A9388-2978-4439-A9EA-1697E06A3F64}.Release|32bit.Build.0 = Release|x64
		{FE4A9388-2978-4439-A9EA-1697E06A3F64}.Release|64bit.ActiveCfg = Release|x64
		{FE4A9388-2978-4439-A9EA-1697E06A3F64}.Release|64bit.Build.0 = Release|x64
		{F80BF265-B06B-4A8B-91F0-6C4F0736DD6F}.Debug|32bit.ActiveCfg = Debug|x64
		{F80BF265-B06B-4A8B-91F0-6C4F0736DD6F}.Debug|32bit.Build.0 = Debug|x64
		{F80BF265-B06B-4A8B-91F0-6C4F0736DD6F}.Debug|64bit.ActiveCfg = Debug|x64
		{F80BF265-B06B-4A8B-91F0-6C4F0736DD6F}.Debug|64bit.Build.0 = Debug|x64
		{F80BF265-B06B-4A8B-91F0-6C4F0736DD6F}.Release|32bit.ActiveCfg = Release|x64
		{F80BF265-B06B-4A8B-91F0-6C4F0736DD6F}.Release|32bit.Build.0 = Release|x64
		{F80BF265-B06B-4A8B-91F0-6C4F0736DD6F}.Release|64bit.ActiveCfg = Release|x64
		{F80BF265-B06B-4A8B-91F0-6C4F0736DD6F}.Release|64bit.Build.0 = Release|x64
		{FA00616C-6032-44BA-B4FB-49A8005F6A45}.Debug|32bit.ActiveCfg = Debug|ARM
		{FA00616C-6032-44BA-B4FB-49A8005F6A45}.Debug|32bit.Build.0 = Debug|ARM
		{FA00616C-6032-44BA-B4FB-49A8005F6A45}.Debug|64bit.ActiveCfg = Debug|ARM64
		{FA00616C-6032-44BA-B4FB-49A8005F6A45}.Debug|64bit.Build.0 = Debug|ARM64
		{FA00616C-6032-44BA-B4FB-49A8005F6A45}.Release|32bit.ActiveCfg = Release|ARM
		{FA00616C-6032-44BA-B4FB-49A8005F6A45}.Release|32bit.Build.0 = Release|ARM
		{FA00616C-6032-44BA-B4FB-49A8005F6A45}.Release|64bit.ActiveCfg = Release|ARM64
		{FA00616C-6032-44BA-B4FB-49A8005F6A45}.Release|64bit.Build.0 = Release|ARM64
		{9F5A2F9D-3309-49F1-9A4E-A00C8F319828}.Debug|32bit.ActiveCfg = Debug|ARM
		{9F5A2F9D-3309-49F1-9A4E-A00C8F319828}.Debug|32bit.Build.0 = Debug|ARM
		{9F5A2F9D-3309-49F1-9A4E-A00C8F319828}.Debug|32bit.Deploy.0 = Debug|ARM
		{9F5A2F9D-3309-49F1-9A4E-A00C8F319828}.Debug|64bit.ActiveCfg = Debug|ARM64
		{9F5A2F9D-3309-49F1-9A4E-A00C8F319828}.Debug|64bit.Build.0 = Debug|ARM64
		{9F5A2F9D-3309-49F1-9A4E-A00C8F319828}.Debug|64bit.Deploy.0 = Debug|ARM64
		{9F5A2F9D-3309-49F1-9A4E-A00C8F319828}.Release|32bit.ActiveCfg = Release|ARM
		{9F5A2F9D-3309-49F1-9A4E-A00C8F319828}.Release|32bit.Build.0 = Release|ARM
		{9F5A2F9D-3309-49F1-9A4E-A00C8F319828}.Release|32bit.Deploy.0 = Release|ARM
		{9F5A2F9D-3309-49F1-9A4E-A00C8F319828}.Release|64bit.ActiveCfg = Release|ARM64
		{9F5A2F9D-3309-49F1-9A4E-A00C8F319828}.Release|64bit.Build.0 = Release|ARM64
		{9F5A2F9D-3309-49F1-9A4E-A00C8F319828}.Release|64bit.Deploy.0 = Release|ARM64
		{38107070-E6EE-4E58-9FAD-ECAB69573B0C}.Debug|32bit.ActiveCfg = Debug|ARM
		{38107070-E6EE-4E58-9FAD-ECAB69573B0C}.Debug|32bit.Build.0 = Debug|ARM
		{38107070-E6EE-4E58-9FAD-ECAB69573B0C}.Debug|64bit.ActiveCfg = Debug|ARM64
		{38107070-E6EE-4E58-9FAD-ECAB69573B0C}.Debug|64bit.Build.0 = Debug|ARM64
		{38107070-E6EE-4E58-9FAD-ECAB69573B0C}.Release|32bit.ActiveCfg = Release|ARM
		{38107070-E6EE-4E58-9FAD-ECAB69573B0C}.Release|32bit.Build.0 = Release|ARM
		{38107070-E6EE-4E58-9FAD-ECAB69573B0C}.Release|64bit.ActiveCfg = Release|ARM64
		{38107070-E6EE-4E58-9FAD-ECAB69573B0C}.Release|64bit.Build.0 = Release|ARM64
	EndGlobalSection
	GlobalSection(SolutionProperties) = preSolution
		HideSolutionNode = FALSE
	EndGlobalSection
	GlobalSection(NestedProjects) = preSolution
		{011AC25E-A921-4289-8C5B-A3D874DD70CF} = {5A0C572A-D959-402A-8B67-CE4BF6B8417B}
		{1A6B2D8F-2A19-4E24-9A12-DBB91BB3638B} = {EC6F7546-E509-4326-AFC5-2C0A0F6E3D85}
		{97B97F08-4B61-4C5F-A577-FE96950771FE} = {B63BC1C2-103F-4597-B18F-ED84DE4F847F}
		{DD03855B-A659-46C3-A6E8-9C7874956328} = {EC6F7546-E509-4326-AFC5-2C0A0F6E3D85}
		{7012D474-0EE0-4F04-83A9-B13B4D8A77DB} = {EC6F7546-E509-4326-AFC5-2C0A0F6E3D85}
		{FE4A9388-2978-4439-A9EA-1697E06A3F64} = {B63BC1C2-103F-4597-B18F-ED84DE4F847F}
		{F80BF265-B06B-4A8B-91F0-6C4F0736DD6F} = {B63BC1C2-103F-4597-B18F-ED84DE4F847F}
		{FA00616C-6032-44BA-B4FB-49A8005F6A45} = {5A0C572A-D959-402A-8B67-CE4BF6B8417B}
		{C1927265-C6E2-4833-8E6E-2E4727A4C006} = {5A0C572A-D959-402A-8B67-CE4BF6B8417B}
		{9F5A2F9D-3309-49F1-9A4E-A00C8F319828} = {C1927265-C6E2-4833-8E6E-2E4727A4C006}
		{38107070-E6EE-4E58-9FAD-ECAB69573B0C} = {C1927265-C6E2-4833-8E6E-2E4727A4C006}
	EndGlobalSection
	GlobalSection(ExtensibilityGlobals) = postSolution
		SolutionGuid = {0C445ECF-1191-424E-93F8-CAA5EC40B04B}
	EndGlobalSection
EndGlobal
