<?xml version="1.0" encoding="utf-8"?>
<Project ToolsVersion="4.0" xmlns="http://schemas.microsoft.com/developer/msbuild/2003">
  <ItemGroup>
    <Filter Include="Source">
      <UniqueIdentifier>{51fe6122-1070-45db-9185-b3ccb32f4e18}</UniqueIdentifier>
    </Filter>
    <Filter Include="Source\V3DEngine">
      <UniqueIdentifier>{7f08ac1e-202c-4817-a1db-c42d53882ea9}</UniqueIdentifier>
    </Filter>
    <Filter Include="Source\V3DEngine\V3DMathematics">
      <UniqueIdentifier>{2ee78335-7887-4ad1-823f-bc98148861e0}</UniqueIdentifier>
    </Filter>
    <Filter Include="Source\V3DEngine\V3DCore">
      <UniqueIdentifier>{548b7c1e-2553-40cc-91b6-bb64144e2471}</UniqueIdentifier>
    </Filter>
    <Filter Include="Source\V3DEngine\V3DIO">
      <UniqueIdentifier>{e38c0005-ba06-4ba0-a6c7-5372b98d606e}</UniqueIdentifier>
    </Filter>
    <Filter Include="Source\V3DEngine\V3DCollections">
      <UniqueIdentifier>{2618a2d5-6b8c-47e7-b539-86168e57ad1f}</UniqueIdentifier>
    </Filter>
    <Filter Include="Source\V3DTestObject">
      <UniqueIdentifier>{389b824a-5ccc-4d6c-af5f-cb02d30efc8b}</UniqueIdentifier>
    </Filter>
    <Filter Include="Source\V3DEngine\V3DNetwork">
      <UniqueIdentifier>{e236de10-5fdc-49cc-bd4a-53ca790a5beb}</UniqueIdentifier>
    </Filter>
    <Filter Include="Source\V3DEngine\V3DCryptography">
      <UniqueIdentifier>{8914b0b0-089b-41bc-baf4-b2de4fb6bcff}</UniqueIdentifier>
    </Filter>
    <Filter Include="Source\V3DEngine\V3DData">
      <UniqueIdentifier>{f2727646-abab-4ed3-be5d-23157ec3053c}</UniqueIdentifier>
    </Filter>
    <Filter Include="Source\V3DEngine\V3DThreading">
      <UniqueIdentifier>{eef199ae-a58b-4b54-97ce-006279058131}</UniqueIdentifier>
    </Filter>
  </ItemGroup>
  <ItemGroup>
    <ClInclude Include="$(MSBuildThisFileDirectory)..\..\..\..\Source\Shared\V3DEngineTests\V3DTest.h">
      <Filter>Source</Filter>
    </ClInclude>
    <ClInclude Include="$(MSBuildThisFileDirectory)..\..\..\..\Source\Shared\V3DEngineTests\V3DTestRunner.h">
      <Filter>Source</Filter>
    </ClInclude>
    <ClInclude Include="$(MSBuildThisFileDirectory)..\..\..\..\Source\Shared\V3DEngineTests\V3DEngine\V3DTypesTests.h">
      <Filter>Source\V3DEngine</Filter>
    </ClInclude>
    <ClInclude Include="$(MSBuildThisFileDirectory)..\..\..\..\Source\Shared\V3DEngineTests\V3DEngine\V3DMathemathics\V3DMathematicsTests.h">
      <Filter>Source\V3DEngine\V3DMathematics</Filter>
    </ClInclude>
    <ClInclude Include="$(MSBuildThisFileDirectory)..\..\..\..\Source\Shared\V3DEngineTests\V3DEngine\V3DCore\V3DCoreTests.h">
      <Filter>Source\V3DEngine\V3DCore</Filter>
    </ClInclude>
    <ClInclude Include="$(MSBuildThisFileDirectory)..\..\..\..\Source\Shared\V3DEngineTests\V3DEngine\V3DCore\V3DStringTests.h">
      <Filter>Source\V3DEngine\V3DCore</Filter>
    </ClInclude>
    <ClInclude Include="$(MSBuildThisFileDirectory)..\..\..\..\Source\Shared\V3DEngineTests\V3DEngine\V3DIO\V3DIOTests.h">
      <Filter>Source\V3DEngine\V3DIO</Filter>
    </ClInclude>
    <ClInclude Include="$(MSBuildThisFileDirectory)..\..\..\..\Source\Shared\V3DEngineTests\V3DITestIO.h">
      <Filter>Source</Filter>
    </ClInclude>
    <ClInclude Include="$(MSBuildThisFileDirectory)..\..\..\..\Source\Shared\V3DEngineTests\V3DEngine\V3DCollections\V3DCollectionsTests.h">
      <Filter>Source\V3DEngine\V3DCollections</Filter>
    </ClInclude>
    <ClInclude Include="$(MSBuildThisFileDirectory)..\..\..\..\Source\Shared\V3DEngineTests\V3DEngine\V3DCollections\V3DObjectPoolTests.h">
      <Filter>Source\V3DEngine\V3DCollections</Filter>
    </ClInclude>
    <ClInclude Include="$(MSBuildThisFileDirectory)..\..\..\..\Source\Shared\V3DEngineTests\V3DEngine\V3DIO\V3DLoggerTests.h">
      <Filter>Source\V3DEngine\V3DIO</Filter>
    </ClInclude>
    <ClInclude Include="$(MSBuildThisFileDirectory)..\..\..\..\Source\Shared\V3DEngineTests\V3DEngine\V3DCore\V3DTupleTests.h">
      <Filter>Source\V3DEngine\V3DCore</Filter>
    </ClInclude>
    <ClInclude Include="$(MSBuildThisFileDirectory)..\..\..\..\Source\Shared\V3DEngineTests\V3DEngine\V3DCore\V3DStopperTests.h">
      <Filter>Source\V3DEngine\V3DCore</Filter>
    </ClInclude>
    <ClInclude Include="$(MSBuildThisFileDirectory)..\..\..\..\Source\Shared\V3DEngineTests\V3DEngine\V3DCore\V3DTimeHourTests.h">
      <Filter>Source\V3DEngine\V3DCore</Filter>
    </ClInclude>
    <ClInclude Include="$(MSBuildThisFileDirectory)..\..\..\..\Source\Shared\V3DEngineTests\V3DEngine\V3DCore\V3DWatchTests.h">
      <Filter>Source\V3DEngine\V3DCore</Filter>
    </ClInclude>
    <ClInclude Include="$(MSBuildThisFileDirectory)..\..\..\..\Source\Shared\V3DEngineTests\V3DEngine\V3DCore\V3DMemoryTests.h">
      <Filter>Source\V3DEngine\V3DCore</Filter>
    </ClInclude>
    <ClInclude Include="$(MSBuildThisFileDirectory)..\..\..\..\Source\Shared\V3DEngineTests\V3DEngine\V3DCore\V3DIocTests.h">
      <Filter>Source\V3DEngine\V3DCore</Filter>
    </ClInclude>
    <ClInclude Include="$(MSBuildThisFileDirectory)..\..\..\..\Source\Shared\V3DEngineTests\V3DEngine\V3DCore\V3DDateTimeTests.h">
      <Filter>Source\V3DEngine\V3DCore</Filter>
    </ClInclude>
    <ClInclude Include="$(MSBuildThisFileDirectory)..\..\..\..\Source\Shared\V3DEngineTests\V3DEngine\V3DMathemathics\V3DMathTests.h">
      <Filter>Source\V3DEngine\V3DMathematics</Filter>
    </ClInclude>
    <ClInclude Include="$(MSBuildThisFileDirectory)..\..\..\..\Source\Shared\V3DEngineTests\V3DEngine\V3DMathemathics\V3DVector2DTests.h">
      <Filter>Source\V3DEngine\V3DMathematics</Filter>
    </ClInclude>
    <ClInclude Include="$(MSBuildThisFileDirectory)..\..\..\..\Source\Shared\V3DEngineTests\V3DEngine\V3DMathemathics\V3DVector3DTests.h">
      <Filter>Source\V3DEngine\V3DMathematics</Filter>
    </ClInclude>
    <ClInclude Include="$(MSBuildThisFileDirectory)..\..\..\..\Source\Shared\V3DEngineTests\V3DEngine\V3DMathemathics\V3DCircleTests.h">
      <Filter>Source\V3DEngine\V3DMathematics</Filter>
    </ClInclude>
    <ClInclude Include="$(MSBuildThisFileDirectory)..\..\..\..\Source\Shared\V3DEngineTests\V3DEngine\V3DMathemathics\V3DRectangleTests.h">
      <Filter>Source\V3DEngine\V3DMathematics</Filter>
    </ClInclude>
    <ClInclude Include="$(MSBuildThisFileDirectory)..\..\..\..\Source\Shared\V3DEngineTests\V3DEngine\V3DMathemathics\V3DVector4DTests.h">
      <Filter>Source\V3DEngine\V3DMathematics</Filter>
    </ClInclude>
    <ClInclude Include="$(MSBuildThisFileDirectory)..\..\..\..\Source\Shared\V3DEngineTests\V3DEngine\V3DMathemathics\V3DMatrix3Tests.h">
      <Filter>Source\V3DEngine\V3DMathematics</Filter>
    </ClInclude>
    <ClInclude Include="$(MSBuildThisFileDirectory)..\..\..\..\Source\Shared\V3DEngineTests\V3DEngine\V3DMathemathics\V3DMatrix4Tests.h">
      <Filter>Source\V3DEngine\V3DMathematics</Filter>
    </ClInclude>
    <ClInclude Include="$(MSBuildThisFileDirectory)..\..\..\..\Source\Shared\V3DEngineTests\V3DEngine\V3DMathemathics\V3DRandomTests.h">
      <Filter>Source\V3DEngine\V3DMathematics</Filter>
    </ClInclude>
    <ClInclude Include="$(MSBuildThisFileDirectory)..\..\..\..\Source\Shared\V3DEngineTests\V3DEngine\V3DMathemathics\V3DRandomClassicTests.h">
      <Filter>Source\V3DEngine\V3DMathematics</Filter>
    </ClInclude>
    <ClInclude Include="$(MSBuildThisFileDirectory)..\..\..\..\Source\Shared\V3DEngineTests\V3DEngine\V3DCollections\V3DLinkedListTests.h">
      <Filter>Source\V3DEngine\V3DCollections</Filter>
    </ClInclude>
    <ClInclude Include="$(MSBuildThisFileDirectory)..\..\..\..\Source\Shared\V3DEngineTests\V3DEngine\V3DCollections\V3DDynamicArrayTests.h">
      <Filter>Source\V3DEngine\V3DCollections</Filter>
    </ClInclude>
    <ClInclude Include="$(MSBuildThisFileDirectory)..\..\..\..\Source\Shared\V3DEngineTests\V3DEngine\V3DCollections\V3DDecimalTreeTests.h">
      <Filter>Source\V3DEngine\V3DCollections</Filter>
    </ClInclude>
    <ClInclude Include="$(MSBuildThisFileDirectory)..\..\..\..\Source\Shared\V3DEngineTests\V3DEngine\V3DCollections\StdTests.h">
      <Filter>Source\V3DEngine\V3DCollections</Filter>
    </ClInclude>
    <ClInclude Include="$(MSBuildThisFileDirectory)..\..\..\..\Source\Shared\V3DEngineTests\V3DEngine\V3DCore\V3DDelegateEventTests.h">
      <Filter>Source\V3DEngine\V3DCore</Filter>
    </ClInclude>
    <ClInclude Include="$(MSBuildThisFileDirectory)..\..\..\..\Source\Shared\V3DEngineTests\V3DEngine\V3DCore\V3DComponentTests.h">
      <Filter>Source\V3DEngine\V3DCore</Filter>
    </ClInclude>
    <ClInclude Include="$(MSBuildThisFileDirectory)..\..\..\..\Source\Shared\V3DEngineTests\V3DTestObject\V3DITestObject.h">
      <Filter>Source\V3DTestObject</Filter>
    </ClInclude>
    <ClInclude Include="$(MSBuildThisFileDirectory)..\..\..\..\Source\Shared\V3DEngineTests\V3DTestObject\V3DTestGameComponent.h">
      <Filter>Source\V3DTestObject</Filter>
    </ClInclude>
    <ClInclude Include="$(MSBuildThisFileDirectory)..\..\..\..\Source\Shared\V3DEngineTests\V3DTestObject\V3DTestLayer.h">
      <Filter>Source\V3DTestObject</Filter>
    </ClInclude>
    <ClInclude Include="$(MSBuildThisFileDirectory)..\..\..\..\Source\Shared\V3DEngineTests\V3DTestObject\V3DTestLayerPool.h">
      <Filter>Source\V3DTestObject</Filter>
    </ClInclude>
    <ClInclude Include="$(MSBuildThisFileDirectory)..\..\..\..\Source\Shared\V3DEngineTests\V3DTestObject\V3DTestObjectA.h">
      <Filter>Source\V3DTestObject</Filter>
    </ClInclude>
    <ClInclude Include="$(MSBuildThisFileDirectory)..\..\..\..\Source\Shared\V3DEngineTests\V3DTestObject\V3DTestObjectB.h">
      <Filter>Source\V3DTestObject</Filter>
    </ClInclude>
    <ClInclude Include="$(MSBuildThisFileDirectory)..\..\..\..\Source\Shared\V3DEngineTests\V3DTestObject\V3DTestSprite.h">
      <Filter>Source\V3DTestObject</Filter>
    </ClInclude>
    <ClInclude Include="$(MSBuildThisFileDirectory)..\..\..\..\Source\Shared\V3DEngineTests\V3DEngine\V3DIO\V3DFileTests.h">
      <Filter>Source\V3DEngine\V3DIO</Filter>
    </ClInclude>
    <ClInclude Include="$(MSBuildThisFileDirectory)..\..\..\..\Source\Shared\V3DEngineTests\V3DEngine\V3DIO\V3DFolderTests.h">
      <Filter>Source\V3DEngine\V3DIO</Filter>
    </ClInclude>
    <ClInclude Include="$(MSBuildThisFileDirectory)..\..\..\..\Source\Shared\V3DEngineTests\V3DEngine\V3DIO\V3DTextRWTests.h">
      <Filter>Source\V3DEngine\V3DIO</Filter>
    </ClInclude>
    <ClInclude Include="$(MSBuildThisFileDirectory)..\..\..\..\Source\Shared\V3DEngineTests\V3DEngine\V3DIO\V3DBinaryRWTests.h">
      <Filter>Source\V3DEngine\V3DIO</Filter>
    </ClInclude>
    <ClInclude Include="$(MSBuildThisFileDirectory)..\..\..\..\Source\Shared\V3DEngineTests\V3DTestObject\V3DTestSimpleData.h">
      <Filter>Source\V3DTestObject</Filter>
    </ClInclude>
    <ClInclude Include="$(MSBuildThisFileDirectory)..\..\..\..\Source\Shared\V3DEngineTests\V3DTestObject\V3DTestComplexDataHead.h">
      <Filter>Source\V3DTestObject</Filter>
    </ClInclude>
    <ClInclude Include="$(MSBuildThisFileDirectory)..\..\..\..\Source\Shared\V3DEngineTests\V3DTestObject\V3DTestComplexData.h">
      <Filter>Source\V3DTestObject</Filter>
    </ClInclude>
    <ClInclude Include="$(MSBuildThisFileDirectory)..\..\..\..\Source\Shared\V3DEngineTests\V3DEngine\V3DIO\V3DJsonIOTests.h">
      <Filter>Source\V3DEngine\V3DIO</Filter>
    </ClInclude>
    <ClInclude Include="$(MSBuildThisFileDirectory)..\..\..\..\Source\Shared\V3DEngineTests\V3DTestObject\V3DTestConfigData.h">
      <Filter>Source\V3DTestObject</Filter>
    </ClInclude>
    <ClInclude Include="$(MSBuildThisFileDirectory)..\..\..\..\Source\Shared\V3DEngineTests\V3DTestObject\V3DTestUIControl.h">
      <Filter>Source\V3DTestObject</Filter>
    </ClInclude>
    <ClInclude Include="$(MSBuildThisFileDirectory)..\..\..\..\Source\Shared\V3DEngineTests\V3DEngine\V3DIO\V3DMemoryStreamTests.h">
      <Filter>Source\V3DEngine\V3DIO</Filter>
    </ClInclude>
    <ClInclude Include="$(MSBuildThisFileDirectory)..\..\..\..\Source\Shared\V3DEngineTests\V3DEngine\V3DCollections\V3DQueueTests.h">
      <Filter>Source\V3DEngine\V3DCollections</Filter>
    </ClInclude>
    <ClInclude Include="$(MSBuildThisFileDirectory)..\..\..\..\Source\Shared\V3DEngineTests\V3DEngine\V3DMathemathics\V3DQuaternionTests.h">
      <Filter>Source\V3DEngine\V3DMathematics</Filter>
    </ClInclude>
    <ClInclude Include="$(MSBuildThisFileDirectory)..\..\..\..\Source\Shared\V3DEngineTests\V3DTestObject\V3DTestPlayerSqlRepository.h">
      <Filter>Source\V3DTestObject</Filter>
    </ClInclude>
    <ClInclude Include="$(MSBuildThisFileDirectory)..\..\..\..\Source\Shared\V3DEngineTests\V3DEngine\V3DIO\V3DSQLiteTests.h">
      <Filter>Source\V3DEngine\V3DIO</Filter>
    </ClInclude>
    <ClInclude Include="$(MSBuildThisFileDirectory)..\..\..\..\Source\Shared\V3DEngineTests\V3DTestObject\V3DTestPlayerData.h">
      <Filter>Source\V3DTestObject</Filter>
    </ClInclude>
    <ClInclude Include="$(MSBuildThisFileDirectory)..\..\..\..\Source\Shared\V3DEngineTests\V3DTestObject\V3DTestTimingData.h">
      <Filter>Source\V3DTestObject</Filter>
    </ClInclude>
    <ClInclude Include="$(MSBuildThisFileDirectory)..\..\..\..\Source\Shared\V3DEngineTests\V3DEngine\V3DNetwork\V3DNetworkTests.h">
      <Filter>Source\V3DEngine\V3DNetwork</Filter>
    </ClInclude>
    <ClInclude Include="$(MSBuildThisFileDirectory)..\..\..\..\Source\Shared\V3DEngineTests\V3DEngine\V3DNetwork\V3DSocketAddressTests.h">
      <Filter>Source\V3DEngine\V3DNetwork</Filter>
    </ClInclude>
    <ClInclude Include="$(MSBuildThisFileDirectory)..\..\..\..\Source\Shared\V3DEngineTests\V3DEngine\V3DNetwork\V3DTCPSocketTests.h">
      <Filter>Source\V3DEngine\V3DNetwork</Filter>
    </ClInclude>
    <ClInclude Include="$(MSBuildThisFileDirectory)..\..\..\..\Source\Shared\V3DEngineTests\V3DEngine\V3DNetwork\V3DUDPSocketTests.h">
      <Filter>Source\V3DEngine\V3DNetwork</Filter>
    </ClInclude>
    <ClInclude Include="$(MSBuildThisFileDirectory)..\..\..\..\Source\Shared\V3DEngineTests\V3DEngine\V3DNetwork\V3DNetTests.h">
      <Filter>Source\V3DEngine\V3DNetwork</Filter>
    </ClInclude>
    <ClInclude Include="$(MSBuildThisFileDirectory)..\..\..\..\Source\Shared\V3DEngineTests\V3DEngine\V3DNetwork\V3DIpV4AddressTests.h">
      <Filter>Source\V3DEngine\V3DNetwork</Filter>
    </ClInclude>
    <ClInclude Include="$(MSBuildThisFileDirectory)..\..\..\..\Source\Shared\V3DEngineTests\V3DEngine\V3DCryptography\V3DCryptographyTests.h">
      <Filter>Source\V3DEngine\V3DCryptography</Filter>
    </ClInclude>
    <ClInclude Include="$(MSBuildThisFileDirectory)..\..\..\..\Source\Shared\V3DEngineTests\V3DEngine\V3DCryptography\V3DCryptographyHelperTests.h">
      <Filter>Source\V3DEngine\V3DCryptography</Filter>
    </ClInclude>
    <ClInclude Include="$(MSBuildThisFileDirectory)..\..\..\..\Source\Shared\V3DEngineTests\V3DEngine\V3DCryptography\V3DCryptographyMethodTests.h">
      <Filter>Source\V3DEngine\V3DCryptography</Filter>
    </ClInclude>
    <ClInclude Include="$(MSBuildThisFileDirectory)..\..\..\..\Source\Shared\V3DEngineTests\V3DTestObject\V3DTestSimpleFileRepository.h">
      <Filter>Source\V3DTestObject</Filter>
    </ClInclude>
    <ClInclude Include="$(MSBuildThisFileDirectory)..\..\..\..\Source\Shared\V3DEngineTests\V3DTestObject\V3DTestComplexFileRepository.h">
      <Filter>Source\V3DTestObject</Filter>
    </ClInclude>
    <ClInclude Include="$(MSBuildThisFileDirectory)..\..\..\..\Source\Shared\V3DEngineTests\V3DTestObject\V3DTestConfigJsonRepository.h">
      <Filter>Source\V3DTestObject</Filter>
    </ClInclude>
    <ClInclude Include="$(MSBuildThisFileDirectory)..\..\..\..\Source\Shared\V3DEngineTests\V3DTestObject\V3DTestUIControlJsonRepository.h">
      <Filter>Source\V3DTestObject</Filter>
    </ClInclude>
    <ClInclude Include="$(MSBuildThisFileDirectory)..\..\..\..\Source\Shared\V3DEngineTests\V3DTestObject\V3DTestComplexMemoryStreamRepository.h">
      <Filter>Source\V3DTestObject</Filter>
    </ClInclude>
    <ClInclude Include="$(MSBuildThisFileDirectory)..\..\..\..\Source\Shared\V3DEngineTests\V3DEngine\V3DData\V3DDataTests.h">
      <Filter>Source\V3DEngine\V3DData</Filter>
    </ClInclude>
    <ClInclude Include="$(MSBuildThisFileDirectory)..\..\..\..\Source\Shared\V3DEngineTests\V3DEngine\V3DData\V3DAppDataSecurityTests.h">
      <Filter>Source\V3DEngine\V3DData</Filter>
    </ClInclude>
    <ClInclude Include="$(MSBuildThisFileDirectory)..\..\..\..\Source\Shared\V3DEngineTests\V3DEngine\V3DCollections\V3DStackTests.h">
      <Filter>Source\V3DEngine\V3DCollections</Filter>
    </ClInclude>
    <ClInclude Include="$(MSBuildThisFileDirectory)..\..\..\..\Source\Shared\V3DEngineTests\V3DEngine\V3DThreading\V3DThreadingTests.h">
      <Filter>Source\V3DEngine\V3DThreading</Filter>
    </ClInclude>
    <ClInclude Include="$(MSBuildThisFileDirectory)..\..\..\..\Source\Shared\V3DEngineTests\V3DEngine\V3DThreading\V3DTaskPoolTests.h">
      <Filter>Source\V3DEngine\V3DThreading</Filter>
    </ClInclude>
    <ClInclude Include="$(MSBuildThisFileDirectory)..\..\..\..\Source\Shared\V3DEngineTests\V3DTestObject\V3DTestContentData.h">
      <Filter>Source\V3DTestObject</Filter>
    </ClInclude>
  </ItemGroup>
  <ItemGroup>
    <ClCompile Include="$(MSBuildThisFileDirectory)..\..\..\..\Source\Shared\V3DEngineTests\V3DTest.cpp">
      <Filter>Source</Filter>
    </ClCompile>
    <ClCompile Include="$(MSBuildThisFileDirectory)..\..\..\..\Source\Shared\V3DEngineTests\V3DEngine\V3DTypesTests.cpp">
      <Filter>Source\V3DEngine</Filter>
    </ClCompile>
    <ClCompile Include="$(MSBuildThisFileDirectory)..\..\..\..\Source\Shared\V3DEngineTests\V3DEngine\V3DMathemathics\V3DMathematicsTests.cpp">
      <Filter>Source\V3DEngine\V3DMathematics</Filter>
    </ClCompile>
    <ClCompile Include="$(MSBuildThisFileDirectory)..\..\..\..\Source\Shared\V3DEngineTests\V3DEngine\V3DCore\V3DCoreTests.cpp">
      <Filter>Source\V3DEngine\V3DCore</Filter>
    </ClCompile>
    <ClCompile Include="$(MSBuildThisFileDirectory)..\..\..\..\Source\Shared\V3DEngineTests\V3DEngine\V3DCore\V3DStringTests.cpp">
      <Filter>Source\V3DEngine\V3DCore</Filter>
    </ClCompile>
    <ClCompile Include="$(MSBuildThisFileDirectory)..\..\..\..\Source\Shared\V3DEngineTests\V3DTestRunner.cpp">
      <Filter>Source</Filter>
    </ClCompile>
    <ClCompile Include="$(MSBuildThisFileDirectory)..\..\..\..\Source\Shared\V3DEngineTests\V3DEngine\V3DCollections\V3DObjectPoolTests.cpp">
      <Filter>Source\V3DEngine\V3DCollections</Filter>
    </ClCompile>
    <ClCompile Include="$(MSBuildThisFileDirectory)..\..\..\..\Source\Shared\V3DEngineTests\V3DEngine\V3DIO\V3DLoggerTests.cpp">
      <Filter>Source\V3DEngine\V3DIO</Filter>
    </ClCompile>
    <ClCompile Include="$(MSBuildThisFileDirectory)..\..\..\..\Source\Shared\V3DEngineTests\V3DEngine\V3DCore\V3DTupleTests.cpp">
      <Filter>Source\V3DEngine\V3DCore</Filter>
    </ClCompile>
    <ClCompile Include="$(MSBuildThisFileDirectory)..\..\..\..\Source\Shared\V3DEngineTests\V3DEngine\V3DCore\V3DStopperTests.cpp">
      <Filter>Source\V3DEngine\V3DCore</Filter>
    </ClCompile>
    <ClCompile Include="$(MSBuildThisFileDirectory)..\..\..\..\Source\Shared\V3DEngineTests\V3DEngine\V3DCore\V3DTimeHourTests.cpp">
      <Filter>Source\V3DEngine\V3DCore</Filter>
    </ClCompile>
    <ClCompile Include="$(MSBuildThisFileDirectory)..\..\..\..\Source\Shared\V3DEngineTests\V3DEngine\V3DCore\V3DWatchTests.cpp">
      <Filter>Source\V3DEngine\V3DCore</Filter>
    </ClCompile>
    <ClCompile Include="$(MSBuildThisFileDirectory)..\..\..\..\Source\Shared\V3DEngineTests\V3DEngine\V3DCore\V3DMemoryTests.cpp">
      <Filter>Source\V3DEngine\V3DCore</Filter>
    </ClCompile>
    <ClCompile Include="$(MSBuildThisFileDirectory)..\..\..\..\Source\Shared\V3DEngineTests\V3DEngine\V3DCore\V3DIocTests.cpp">
      <Filter>Source\V3DEngine\V3DCore</Filter>
    </ClCompile>
    <ClCompile Include="$(MSBuildThisFileDirectory)..\..\..\..\Source\Shared\V3DEngineTests\V3DEngine\V3DCore\V3DDateTimeTests.cpp">
      <Filter>Source\V3DEngine\V3DCore</Filter>
    </ClCompile>
    <ClCompile Include="$(MSBuildThisFileDirectory)..\..\..\..\Source\Shared\V3DEngineTests\V3DEngine\V3DMathemathics\V3DMathTests.cpp">
      <Filter>Source\V3DEngine\V3DMathematics</Filter>
    </ClCompile>
    <ClCompile Include="$(MSBuildThisFileDirectory)..\..\..\..\Source\Shared\V3DEngineTests\V3DEngine\V3DMathemathics\V3DVector2DTests.cpp">
      <Filter>Source\V3DEngine\V3DMathematics</Filter>
    </ClCompile>
    <ClCompile Include="$(MSBuildThisFileDirectory)..\..\..\..\Source\Shared\V3DEngineTests\V3DEngine\V3DMathemathics\V3DVector3DTests.cpp">
      <Filter>Source\V3DEngine\V3DMathematics</Filter>
    </ClCompile>
    <ClCompile Include="$(MSBuildThisFileDirectory)..\..\..\..\Source\Shared\V3DEngineTests\V3DEngine\V3DMathemathics\V3DCircleTests.cpp">
      <Filter>Source\V3DEngine\V3DMathematics</Filter>
    </ClCompile>
    <ClCompile Include="$(MSBuildThisFileDirectory)..\..\..\..\Source\Shared\V3DEngineTests\V3DEngine\V3DMathemathics\V3DRectangleTests.cpp">
      <Filter>Source\V3DEngine\V3DMathematics</Filter>
    </ClCompile>
    <ClCompile Include="$(MSBuildThisFileDirectory)..\..\..\..\Source\Shared\V3DEngineTests\V3DEngine\V3DMathemathics\V3DVector4DTests.cpp">
      <Filter>Source\V3DEngine\V3DMathematics</Filter>
    </ClCompile>
    <ClCompile Include="$(MSBuildThisFileDirectory)..\..\..\..\Source\Shared\V3DEngineTests\V3DEngine\V3DMathemathics\V3DMatrix3Tests.cpp">
      <Filter>Source\V3DEngine\V3DMathematics</Filter>
    </ClCompile>
    <ClCompile Include="$(MSBuildThisFileDirectory)..\..\..\..\Source\Shared\V3DEngineTests\V3DEngine\V3DMathemathics\V3DMatrix4Tests.cpp">
      <Filter>Source\V3DEngine\V3DMathematics</Filter>
    </ClCompile>
    <ClCompile Include="$(MSBuildThisFileDirectory)..\..\..\..\Source\Shared\V3DEngineTests\V3DEngine\V3DMathemathics\V3DRandomTests.cpp">
      <Filter>Source\V3DEngine\V3DMathematics</Filter>
    </ClCompile>
    <ClCompile Include="$(MSBuildThisFileDirectory)..\..\..\..\Source\Shared\V3DEngineTests\V3DEngine\V3DMathemathics\V3DRandomClassicTests.cpp">
      <Filter>Source\V3DEngine\V3DMathematics</Filter>
    </ClCompile>
    <ClCompile Include="$(MSBuildThisFileDirectory)..\..\..\..\Source\Shared\V3DEngineTests\V3DEngine\V3DCollections\V3DLinkedListTests.cpp">
      <Filter>Source\V3DEngine\V3DCollections</Filter>
    </ClCompile>
    <ClCompile Include="$(MSBuildThisFileDirectory)..\..\..\..\Source\Shared\V3DEngineTests\V3DEngine\V3DCollections\V3DCollectionsTests.cpp">
      <Filter>Source\V3DEngine\V3DCollections</Filter>
    </ClCompile>
    <ClCompile Include="$(MSBuildThisFileDirectory)..\..\..\..\Source\Shared\V3DEngineTests\V3DEngine\V3DCollections\V3DDynamicArrayTests.cpp">
      <Filter>Source\V3DEngine\V3DCollections</Filter>
    </ClCompile>
    <ClCompile Include="$(MSBuildThisFileDirectory)..\..\..\..\Source\Shared\V3DEngineTests\V3DEngine\V3DCollections\V3DDecimalTreeTests.cpp">
      <Filter>Source\V3DEngine\V3DCollections</Filter>
    </ClCompile>
    <ClCompile Include="$(MSBuildThisFileDirectory)..\..\..\..\Source\Shared\V3DEngineTests\V3DEngine\V3DCollections\StdTests.cpp">
      <Filter>Source\V3DEngine\V3DCollections</Filter>
    </ClCompile>
    <ClCompile Include="$(MSBuildThisFileDirectory)..\..\..\..\Source\Shared\V3DEngineTests\V3DEngine\V3DCore\V3DDelegateEventTests.cpp">
      <Filter>Source\V3DEngine\V3DCore</Filter>
    </ClCompile>
    <ClCompile Include="$(MSBuildThisFileDirectory)..\..\..\..\Source\Shared\V3DEngineTests\V3DEngine\V3DCore\V3DComponentTests.cpp">
      <Filter>Source\V3DEngine\V3DCore</Filter>
    </ClCompile>
    <ClCompile Include="$(MSBuildThisFileDirectory)..\..\..\..\Source\Shared\V3DEngineTests\V3DTestObject\V3DTestGameComponent.cpp">
      <Filter>Source\V3DTestObject</Filter>
    </ClCompile>
    <ClCompile Include="$(MSBuildThisFileDirectory)..\..\..\..\Source\Shared\V3DEngineTests\V3DTestObject\V3DTestLayer.cpp">
      <Filter>Source\V3DTestObject</Filter>
    </ClCompile>
    <ClCompile Include="$(MSBuildThisFileDirectory)..\..\..\..\Source\Shared\V3DEngineTests\V3DTestObject\V3DTestLayerPool.cpp">
      <Filter>Source\V3DTestObject</Filter>
    </ClCompile>
    <ClCompile Include="$(MSBuildThisFileDirectory)..\..\..\..\Source\Shared\V3DEngineTests\V3DTestObject\V3DTestObjectA.cpp">
      <Filter>Source\V3DTestObject</Filter>
    </ClCompile>
    <ClCompile Include="$(MSBuildThisFileDirectory)..\..\..\..\Source\Shared\V3DEngineTests\V3DTestObject\V3DTestObjectB.cpp">
      <Filter>Source\V3DTestObject</Filter>
    </ClCompile>
    <ClCompile Include="$(MSBuildThisFileDirectory)..\..\..\..\Source\Shared\V3DEngineTests\V3DTestObject\V3DTestSprite.cpp">
      <Filter>Source\V3DTestObject</Filter>
    </ClCompile>
    <ClCompile Include="$(MSBuildThisFileDirectory)..\..\..\..\Source\Shared\V3DEngineTests\V3DEngine\V3DIO\V3DFileTests.cpp">
      <Filter>Source\V3DEngine\V3DIO</Filter>
    </ClCompile>
    <ClCompile Include="$(MSBuildThisFileDirectory)..\..\..\..\Source\Shared\V3DEngineTests\V3DEngine\V3DIO\V3DFolderTests.cpp">
      <Filter>Source\V3DEngine\V3DIO</Filter>
    </ClCompile>
    <ClCompile Include="$(MSBuildThisFileDirectory)..\..\..\..\Source\Shared\V3DEngineTests\V3DEngine\V3DIO\V3DTextRWTests.cpp">
      <Filter>Source\V3DEngine\V3DIO</Filter>
    </ClCompile>
    <ClCompile Include="$(MSBuildThisFileDirectory)..\..\..\..\Source\Shared\V3DEngineTests\V3DEngine\V3DIO\V3DBinaryRWTests.cpp">
      <Filter>Source\V3DEngine\V3DIO</Filter>
    </ClCompile>
    <ClCompile Include="$(MSBuildThisFileDirectory)..\..\..\..\Source\Shared\V3DEngineTests\V3DTestObject\V3DTestComplexData.cpp">
      <Filter>Source\V3DTestObject</Filter>
    </ClCompile>
    <ClCompile Include="$(MSBuildThisFileDirectory)..\..\..\..\Source\Shared\V3DEngineTests\V3DEngine\V3DIO\V3DJsonIOTests.cpp">
      <Filter>Source\V3DEngine\V3DIO</Filter>
    </ClCompile>
    <ClCompile Include="$(MSBuildThisFileDirectory)..\..\..\..\Source\Shared\V3DEngineTests\V3DTestObject\V3DTestUIControl.cpp">
      <Filter>Source\V3DTestObject</Filter>
    </ClCompile>
    <ClCompile Include="$(MSBuildThisFileDirectory)..\..\..\..\Source\Shared\V3DEngineTests\V3DEngine\V3DIO\V3DIOTests.cpp">
      <Filter>Source\V3DEngine\V3DIO</Filter>
    </ClCompile>
    <ClCompile Include="$(MSBuildThisFileDirectory)..\..\..\..\Source\Shared\V3DEngineTests\V3DEngine\V3DIO\V3DMemoryStreamTests.cpp">
      <Filter>Source\V3DEngine\V3DIO</Filter>
    </ClCompile>
    <ClCompile Include="$(MSBuildThisFileDirectory)..\..\..\..\Source\Shared\V3DEngineTests\V3DEngine\V3DCollections\V3DQueueTests.cpp">
      <Filter>Source\V3DEngine\V3DCollections</Filter>
    </ClCompile>
    <ClCompile Include="$(MSBuildThisFileDirectory)..\..\..\..\Source\Shared\V3DEngineTests\V3DEngine\V3DMathemathics\V3DQuaternionTests.cpp">
      <Filter>Source\V3DEngine\V3DMathematics</Filter>
    </ClCompile>
    <ClCompile Include="$(MSBuildThisFileDirectory)..\..\..\..\Source\Shared\V3DEngineTests\V3DTestObject\V3DTestPlayerData.cpp">
      <Filter>Source\V3DTestObject</Filter>
    </ClCompile>
    <ClCompile Include="$(MSBuildThisFileDirectory)..\..\..\..\Source\Shared\V3DEngineTests\V3DTestObject\V3DTestPlayerSqlRepository.cpp">
      <Filter>Source\V3DTestObject</Filter>
    </ClCompile>
    <ClCompile Include="$(MSBuildThisFileDirectory)..\..\..\..\Source\Shared\V3DEngineTests\V3DEngine\V3DIO\V3DSQLiteTests.cpp">
      <Filter>Source\V3DEngine\V3DIO</Filter>
    </ClCompile>
    <ClCompile Include="$(MSBuildThisFileDirectory)..\..\..\..\Source\Shared\V3DEngineTests\V3DEngine\V3DNetwork\V3DNetworkTests.cpp">
      <Filter>Source\V3DEngine\V3DNetwork</Filter>
    </ClCompile>
    <ClCompile Include="$(MSBuildThisFileDirectory)..\..\..\..\Source\Shared\V3DEngineTests\V3DEngine\V3DNetwork\V3DSocketAddressTests.cpp">
      <Filter>Source\V3DEngine\V3DNetwork</Filter>
    </ClCompile>
    <ClCompile Include="$(MSBuildThisFileDirectory)..\..\..\..\Source\Shared\V3DEngineTests\V3DEngine\V3DNetwork\V3DTCPSocketTests.cpp">
      <Filter>Source\V3DEngine\V3DNetwork</Filter>
    </ClCompile>
    <ClCompile Include="$(MSBuildThisFileDirectory)..\..\..\..\Source\Shared\V3DEngineTests\V3DEngine\V3DNetwork\V3DUDPSocketTests.cpp">
      <Filter>Source\V3DEngine\V3DNetwork</Filter>
    </ClCompile>
    <ClCompile Include="$(MSBuildThisFileDirectory)..\..\..\..\Source\Shared\V3DEngineTests\V3DEngine\V3DNetwork\V3DNetTests.cpp">
      <Filter>Source\V3DEngine\V3DNetwork</Filter>
    </ClCompile>
    <ClCompile Include="$(MSBuildThisFileDirectory)..\..\..\..\Source\Shared\V3DEngineTests\V3DEngine\V3DNetwork\V3DIpV4AddressTests.cpp">
      <Filter>Source\V3DEngine\V3DNetwork</Filter>
    </ClCompile>
    <ClCompile Include="$(MSBuildThisFileDirectory)..\..\..\..\Source\Shared\V3DEngineTests\V3DEngine\V3DCryptography\V3DCryptographyTests.cpp">
      <Filter>Source\V3DEngine\V3DCryptography</Filter>
    </ClCompile>
    <ClCompile Include="$(MSBuildThisFileDirectory)..\..\..\..\Source\Shared\V3DEngineTests\V3DEngine\V3DCryptography\V3DCryptographyHelperTests.cpp">
      <Filter>Source\V3DEngine\V3DCryptography</Filter>
    </ClCompile>
    <ClCompile Include="$(MSBuildThisFileDirectory)..\..\..\..\Source\Shared\V3DEngineTests\V3DEngine\V3DCryptography\V3DCryptographyMethodTests.cpp">
      <Filter>Source\V3DEngine\V3DCryptography</Filter>
    </ClCompile>
    <ClCompile Include="$(MSBuildThisFileDirectory)..\..\..\..\Source\Shared\V3DEngineTests\V3DTestObject\V3DTestComplexFileRepository.cpp">
      <Filter>Source\V3DTestObject</Filter>
    </ClCompile>
    <ClCompile Include="$(MSBuildThisFileDirectory)..\..\..\..\Source\Shared\V3DEngineTests\V3DTestObject\V3DTestConfigJsonRepository.cpp">
      <Filter>Source\V3DTestObject</Filter>
    </ClCompile>
    <ClCompile Include="$(MSBuildThisFileDirectory)..\..\..\..\Source\Shared\V3DEngineTests\V3DTestObject\V3DTestUIControlJsonRepository.cpp">
      <Filter>Source\V3DTestObject</Filter>
    </ClCompile>
    <ClCompile Include="$(MSBuildThisFileDirectory)..\..\..\..\Source\Shared\V3DEngineTests\V3DTestObject\V3DTestComplexMemoryStreamRepository.cpp">
      <Filter>Source\V3DTestObject</Filter>
    </ClCompile>
    <ClCompile Include="$(MSBuildThisFileDirectory)..\..\..\..\Source\Shared\V3DEngineTests\V3DEngine\V3DData\V3DDataTests.cpp">
      <Filter>Source\V3DEngine\V3DData</Filter>
    </ClCompile>
    <ClCompile Include="$(MSBuildThisFileDirectory)..\..\..\..\Source\Shared\V3DEngineTests\V3DEngine\V3DData\V3DAppDataSecurityTests.cpp">
      <Filter>Source\V3DEngine\V3DData</Filter>
    </ClCompile>
    <ClCompile Include="$(MSBuildThisFileDirectory)..\..\..\..\Source\Shared\V3DEngineTests\V3DEngine\V3DCollections\V3DStackTests.cpp">
      <Filter>Source\V3DEngine\V3DCollections</Filter>
    </ClCompile>
    <ClCompile Include="$(MSBuildThisFileDirectory)..\..\..\..\Source\Shared\V3DEngineTests\V3DEngine\V3DThreading\V3DThreadingTests.cpp">
      <Filter>Source\V3DEngine\V3DThreading</Filter>
    </ClCompile>
    <ClCompile Include="$(MSBuildThisFileDirectory)..\..\..\..\Source\Shared\V3DEngineTests\V3DEngine\V3DThreading\V3DTaskPoolTests.cpp">
      <Filter>Source\V3DEngine\V3DThreading</Filter>
    </ClCompile>
  </ItemGroup>
</Project>