<?xml version="1.0" encoding="utf-8"?>
<Project ToolsVersion="4.0" xmlns="http://schemas.microsoft.com/developer/msbuild/2003">
  <ItemGroup>
    <Filter Include="Source">
      <UniqueIdentifier>{51fe6122-1070-45db-9185-b3ccb32f4e18}</UniqueIdentifier>
    </Filter>
    <Filter Include="Source\V3DEngine">
      <UniqueIdentifier>{7f08ac1e-202c-4817-a1db-c42d53882ea9}</UniqueIdentifier>
    </Filter>
    <Filter Include="Source\V3DEngine\V3DMathematics">
      <UniqueIdentifier>{2ee78335-7887-4ad1-823f-bc98148861e0}</UniqueIdentifier>
    </Filter>
    <Filter Include="Source\V3DEngine\V3DCore">
      <UniqueIdentifier>{548b7c1e-2553-40cc-91b6-bb64144e2471}</UniqueIdentifier>
    </Filter>
    <Filter Include="Source\V3DEngine\V3DIO">
      <UniqueIdentifier>{e38c0005-ba06-4ba0-a6c7-5372b98d606e}</UniqueIdentifier>
    </Filter>
    <Filter Include="Source\V3DEngine\V3DCollections">
      <UniqueIdentifier>{2618a2d5-6b8c-47e7-b539-86168e57ad1f}</UniqueIdentifier>
    </Filter>
    <Filter Include="Source\V3DTestObject">
      <UniqueIdentifier>{389b824a-5ccc-4d6c-af5f-cb02d30efc8b}</UniqueIdentifier>
    </Filter>
  </ItemGroup>
  <ItemGroup>
    <ClInclude Include="$(MSBuildThisFileDirectory)..\..\..\..\Source\Shared\V3DEngineTests\V3DTest.h">
      <Filter>Source</Filter>
    </ClInclude>
    <ClInclude Include="$(MSBuildThisFileDirectory)..\..\..\..\Source\Shared\V3DEngineTests\V3DTestRunner.h">
      <Filter>Source</Filter>
    </ClInclude>
    <ClInclude Include="$(MSBuildThisFileDirectory)..\..\..\..\Source\Shared\V3DEngineTests\V3DEngine\V3DTypesTests.h">
      <Filter>Source\V3DEngine</Filter>
    </ClInclude>
    <ClInclude Include="$(MSBuildThisFileDirectory)..\..\..\..\Source\Shared\V3DEngineTests\V3DEngine\V3DMathemathics\V3DMathematicsTests.h">
      <Filter>Source\V3DEngine\V3DMathematics</Filter>
    </ClInclude>
    <ClInclude Include="$(MSBuildThisFileDirectory)..\..\..\..\Source\Shared\V3DEngineTests\V3DEngine\V3DCore\V3DCoreTests.h">
      <Filter>Source\V3DEngine\V3DCore</Filter>
    </ClInclude>
    <ClInclude Include="$(MSBuildThisFileDirectory)..\..\..\..\Source\Shared\V3DEngineTests\V3DEngine\V3DCore\V3DStringTest.h">
      <Filter>Source\V3DEngine\V3DCore</Filter>
    </ClInclude>
    <ClInclude Include="$(MSBuildThisFileDirectory)..\..\..\..\Source\Shared\V3DEngineTests\V3DEngine\V3DIO\V3DIOTests.h">
      <Filter>Source\V3DEngine\V3DIO</Filter>
    </ClInclude>
    <ClInclude Include="$(MSBuildThisFileDirectory)..\..\..\..\Source\Shared\V3DEngineTests\V3DITestIO.h">
      <Filter>Source</Filter>
    </ClInclude>
    <ClInclude Include="$(MSBuildThisFileDirectory)..\..\..\..\Source\Shared\V3DEngineTests\V3DEngine\V3DCollections\V3DCollectionsTests.h">
      <Filter>Source\V3DEngine\V3DCollections</Filter>
    </ClInclude>
    <ClInclude Include="$(MSBuildThisFileDirectory)..\..\..\..\Source\Shared\V3DEngineTests\V3DEngine\V3DCollections\V3DObjectPoolTests.h">
      <Filter>Source\V3DEngine\V3DCollections</Filter>
    </ClInclude>
    <ClInclude Include="$(MSBuildThisFileDirectory)..\..\..\..\Source\Shared\V3DEngineTests\V3DEngine\V3DIO\V3DLoggerTest.h">
      <Filter>Source\V3DEngine\V3DIO</Filter>
    </ClInclude>
    <ClInclude Include="$(MSBuildThisFileDirectory)..\..\..\..\Source\Shared\V3DEngineTests\V3DEngine\V3DCore\V3DTupleTest.h">
      <Filter>Source\V3DEngine\V3DCore</Filter>
    </ClInclude>
    <ClInclude Include="$(MSBuildThisFileDirectory)..\..\..\..\Source\Shared\V3DEngineTests\V3DEngine\V3DCore\V3DStopperTest.h">
      <Filter>Source\V3DEngine\V3DCore</Filter>
    </ClInclude>
    <ClInclude Include="$(MSBuildThisFileDirectory)..\..\..\..\Source\Shared\V3DEngineTests\V3DEngine\V3DCore\V3DTimeHourTest.h">
      <Filter>Source\V3DEngine\V3DCore</Filter>
    </ClInclude>
    <ClInclude Include="$(MSBuildThisFileDirectory)..\..\..\..\Source\Shared\V3DEngineTests\V3DEngine\V3DCore\V3DWatchTest.h">
      <Filter>Source\V3DEngine\V3DCore</Filter>
    </ClInclude>
    <ClInclude Include="$(MSBuildThisFileDirectory)..\..\..\..\Source\Shared\V3DEngineTests\V3DEngine\V3DCore\V3DMemoryTest.h">
      <Filter>Source\V3DEngine\V3DCore</Filter>
    </ClInclude>
    <ClInclude Include="$(MSBuildThisFileDirectory)..\..\..\..\Source\Shared\V3DEngineTests\V3DEngine\V3DCore\V3DIocTest.h">
      <Filter>Source\V3DEngine\V3DCore</Filter>
    </ClInclude>
    <ClInclude Include="$(MSBuildThisFileDirectory)..\..\..\..\Source\Shared\V3DEngineTests\V3DEngine\V3DCore\V3DDateTimeTest.h">
      <Filter>Source\V3DEngine\V3DCore</Filter>
    </ClInclude>
    <ClInclude Include="$(MSBuildThisFileDirectory)..\..\..\..\Source\Shared\V3DEngineTests\V3DEngine\V3DMathemathics\V3DMathTest.h">
      <Filter>Source\V3DEngine\V3DMathematics</Filter>
    </ClInclude>
    <ClInclude Include="$(MSBuildThisFileDirectory)..\..\..\..\Source\Shared\V3DEngineTests\V3DEngine\V3DMathemathics\V3DVector2DTest.h">
      <Filter>Source\V3DEngine\V3DMathematics</Filter>
    </ClInclude>
    <ClInclude Include="$(MSBuildThisFileDirectory)..\..\..\..\Source\Shared\V3DEngineTests\V3DEngine\V3DMathemathics\V3DVector3DTest.h">
      <Filter>Source\V3DEngine\V3DMathematics</Filter>
    </ClInclude>
    <ClInclude Include="$(MSBuildThisFileDirectory)..\..\..\..\Source\Shared\V3DEngineTests\V3DEngine\V3DMathemathics\V3DCircleTest.h">
      <Filter>Source\V3DEngine\V3DMathematics</Filter>
    </ClInclude>
    <ClInclude Include="$(MSBuildThisFileDirectory)..\..\..\..\Source\Shared\V3DEngineTests\V3DEngine\V3DMathemathics\V3DRectangleTest.h">
      <Filter>Source\V3DEngine\V3DMathematics</Filter>
    </ClInclude>
    <ClInclude Include="$(MSBuildThisFileDirectory)..\..\..\..\Source\Shared\V3DEngineTests\V3DEngine\V3DMathemathics\V3DVector4DTest.h">
      <Filter>Source\V3DEngine\V3DMathematics</Filter>
    </ClInclude>
    <ClInclude Include="$(MSBuildThisFileDirectory)..\..\..\..\Source\Shared\V3DEngineTests\V3DEngine\V3DMathemathics\V3DMatrix3Test.h">
      <Filter>Source\V3DEngine\V3DMathematics</Filter>
    </ClInclude>
    <ClInclude Include="$(MSBuildThisFileDirectory)..\..\..\..\Source\Shared\V3DEngineTests\V3DEngine\V3DMathemathics\V3DMatrix4Test.h">
      <Filter>Source\V3DEngine\V3DMathematics</Filter>
    </ClInclude>
    <ClInclude Include="$(MSBuildThisFileDirectory)..\..\..\..\Source\Shared\V3DEngineTests\V3DEngine\V3DMathemathics\V3DRandomTest.h">
      <Filter>Source\V3DEngine\V3DMathematics</Filter>
    </ClInclude>
    <ClInclude Include="$(MSBuildThisFileDirectory)..\..\..\..\Source\Shared\V3DEngineTests\V3DEngine\V3DMathemathics\V3DRandomClassicTest.h">
      <Filter>Source\V3DEngine\V3DMathematics</Filter>
    </ClInclude>
    <ClInclude Include="$(MSBuildThisFileDirectory)..\..\..\..\Source\Shared\V3DEngineTests\V3DEngine\V3DCollections\V3DLinkedListTests.h">
      <Filter>Source\V3DEngine\V3DCollections</Filter>
    </ClInclude>
    <ClInclude Include="$(MSBuildThisFileDirectory)..\..\..\..\Source\Shared\V3DEngineTests\V3DEngine\V3DCollections\V3DDynamicArrayTests.h">
      <Filter>Source\V3DEngine\V3DCollections</Filter>
    </ClInclude>
    <ClInclude Include="$(MSBuildThisFileDirectory)..\..\..\..\Source\Shared\V3DEngineTests\V3DEngine\V3DCollections\V3DDecimalTreeTests.h">
      <Filter>Source\V3DEngine\V3DCollections</Filter>
    </ClInclude>
    <ClInclude Include="$(MSBuildThisFileDirectory)..\..\..\..\Source\Shared\V3DEngineTests\V3DEngine\V3DCollections\StdTests.h">
      <Filter>Source\V3DEngine\V3DCollections</Filter>
    </ClInclude>
    <ClInclude Include="$(MSBuildThisFileDirectory)..\..\..\..\Source\Shared\V3DEngineTests\V3DEngine\V3DCore\V3DDelegateEventTest.h">
      <Filter>Source\V3DEngine\V3DCore</Filter>
    </ClInclude>
    <ClInclude Include="$(MSBuildThisFileDirectory)..\..\..\..\Source\Shared\V3DEngineTests\V3DEngine\V3DCore\V3DComponentTest.h">
      <Filter>Source\V3DEngine\V3DCore</Filter>
    </ClInclude>
    <ClInclude Include="$(MSBuildThisFileDirectory)..\..\..\..\Source\Shared\V3DEngineTests\V3DTestObject\V3DITestObject.h">
      <Filter>Source\V3DTestObject</Filter>
    </ClInclude>
    <ClInclude Include="$(MSBuildThisFileDirectory)..\..\..\..\Source\Shared\V3DEngineTests\V3DTestObject\V3DTestGameComponent.h">
      <Filter>Source\V3DTestObject</Filter>
    </ClInclude>
    <ClInclude Include="$(MSBuildThisFileDirectory)..\..\..\..\Source\Shared\V3DEngineTests\V3DTestObject\V3DTestLayer.h">
      <Filter>Source\V3DTestObject</Filter>
    </ClInclude>
    <ClInclude Include="$(MSBuildThisFileDirectory)..\..\..\..\Source\Shared\V3DEngineTests\V3DTestObject\V3DTestLayerPool.h">
      <Filter>Source\V3DTestObject</Filter>
    </ClInclude>
    <ClInclude Include="$(MSBuildThisFileDirectory)..\..\..\..\Source\Shared\V3DEngineTests\V3DTestObject\V3DTestObjectA.h">
      <Filter>Source\V3DTestObject</Filter>
    </ClInclude>
    <ClInclude Include="$(MSBuildThisFileDirectory)..\..\..\..\Source\Shared\V3DEngineTests\V3DTestObject\V3DTestObjectB.h">
      <Filter>Source\V3DTestObject</Filter>
    </ClInclude>
    <ClInclude Include="$(MSBuildThisFileDirectory)..\..\..\..\Source\Shared\V3DEngineTests\V3DTestObject\V3DTestSprite.h">
      <Filter>Source\V3DTestObject</Filter>
    </ClInclude>
    <ClInclude Include="$(MSBuildThisFileDirectory)..\..\..\..\Source\Shared\V3DEngineTests\V3DTestObject\V3DTimingTestData.h">
      <Filter>Source\V3DTestObject</Filter>
    </ClInclude>
    <ClInclude Include="$(MSBuildThisFileDirectory)..\..\..\..\Source\Shared\V3DEngineTests\V3DEngine\V3DIO\V3DFileTest.h">
      <Filter>Source\V3DEngine\V3DIO</Filter>
    </ClInclude>
    <ClInclude Include="$(MSBuildThisFileDirectory)..\..\..\..\Source\Shared\V3DEngineTests\V3DEngine\V3DIO\V3DFolderTest.h">
      <Filter>Source\V3DEngine\V3DIO</Filter>
    </ClInclude>
    <ClInclude Include="$(MSBuildThisFileDirectory)..\..\..\..\Source\Shared\V3DEngineTests\V3DEngine\V3DIO\V3DTextRWTest.h">
      <Filter>Source\V3DEngine\V3DIO</Filter>
    </ClInclude>
  </ItemGroup>
  <ItemGroup>
    <ClCompile Include="$(MSBuildThisFileDirectory)..\..\..\..\Source\Shared\V3DEngineTests\V3DTest.cpp">
      <Filter>Source</Filter>
    </ClCompile>
    <ClCompile Include="$(MSBuildThisFileDirectory)..\..\..\..\Source\Shared\V3DEngineTests\V3DEngine\V3DTypesTests.cpp">
      <Filter>Source\V3DEngine</Filter>
    </ClCompile>
    <ClCompile Include="$(MSBuildThisFileDirectory)..\..\..\..\Source\Shared\V3DEngineTests\V3DEngine\V3DMathemathics\V3DMathematicsTests.cpp">
      <Filter>Source\V3DEngine\V3DMathematics</Filter>
    </ClCompile>
    <ClCompile Include="$(MSBuildThisFileDirectory)..\..\..\..\Source\Shared\V3DEngineTests\V3DEngine\V3DCore\V3DCoreTests.cpp">
      <Filter>Source\V3DEngine\V3DCore</Filter>
    </ClCompile>
    <ClCompile Include="$(MSBuildThisFileDirectory)..\..\..\..\Source\Shared\V3DEngineTests\V3DEngine\V3DCore\V3DStringTest.cpp">
      <Filter>Source\V3DEngine\V3DCore</Filter>
    </ClCompile>
    <ClCompile Include="$(MSBuildThisFileDirectory)..\..\..\..\Source\Shared\V3DEngineTests\V3DEngine\V3DIO\V3DIOTests.cpp">
      <Filter>Source\V3DEngine\V3DIO</Filter>
    </ClCompile>
    <ClCompile Include="$(MSBuildThisFileDirectory)..\..\..\..\Source\Shared\V3DEngineTests\V3DTestRunner.cpp">
      <Filter>Source</Filter>
    </ClCompile>
    <ClCompile Include="$(MSBuildThisFileDirectory)..\..\..\..\Source\Shared\V3DEngineTests\V3DEngine\V3DCollections\V3DObjectPoolTests.cpp">
      <Filter>Source\V3DEngine\V3DCollections</Filter>
    </ClCompile>
    <ClCompile Include="$(MSBuildThisFileDirectory)..\..\..\..\Source\Shared\V3DEngineTests\V3DEngine\V3DIO\V3DLoggerTest.cpp">
      <Filter>Source\V3DEngine\V3DIO</Filter>
    </ClCompile>
    <ClCompile Include="$(MSBuildThisFileDirectory)..\..\..\..\Source\Shared\V3DEngineTests\V3DEngine\V3DCore\V3DTupleTest.cpp">
      <Filter>Source\V3DEngine\V3DCore</Filter>
    </ClCompile>
    <ClCompile Include="$(MSBuildThisFileDirectory)..\..\..\..\Source\Shared\V3DEngineTests\V3DEngine\V3DCore\V3DStopperTest.cpp">
      <Filter>Source\V3DEngine\V3DCore</Filter>
    </ClCompile>
    <ClCompile Include="$(MSBuildThisFileDirectory)..\..\..\..\Source\Shared\V3DEngineTests\V3DEngine\V3DCore\V3DTimeHourTest.cpp">
      <Filter>Source\V3DEngine\V3DCore</Filter>
    </ClCompile>
    <ClCompile Include="$(MSBuildThisFileDirectory)..\..\..\..\Source\Shared\V3DEngineTests\V3DEngine\V3DCore\V3DWatchTest.cpp">
      <Filter>Source\V3DEngine\V3DCore</Filter>
    </ClCompile>
    <ClCompile Include="$(MSBuildThisFileDirectory)..\..\..\..\Source\Shared\V3DEngineTests\V3DEngine\V3DCore\V3DMemoryTest.cpp">
      <Filter>Source\V3DEngine\V3DCore</Filter>
    </ClCompile>
    <ClCompile Include="$(MSBuildThisFileDirectory)..\..\..\..\Source\Shared\V3DEngineTests\V3DEngine\V3DCore\V3DIocTest.cpp">
      <Filter>Source\V3DEngine\V3DCore</Filter>
    </ClCompile>
    <ClCompile Include="$(MSBuildThisFileDirectory)..\..\..\..\Source\Shared\V3DEngineTests\V3DEngine\V3DCore\V3DDateTimeTest.cpp">
      <Filter>Source\V3DEngine\V3DCore</Filter>
    </ClCompile>
    <ClCompile Include="$(MSBuildThisFileDirectory)..\..\..\..\Source\Shared\V3DEngineTests\V3DEngine\V3DMathemathics\V3DMathTest.cpp">
      <Filter>Source\V3DEngine\V3DMathematics</Filter>
    </ClCompile>
    <ClCompile Include="$(MSBuildThisFileDirectory)..\..\..\..\Source\Shared\V3DEngineTests\V3DEngine\V3DMathemathics\V3DVector2DTest.cpp">
      <Filter>Source\V3DEngine\V3DMathematics</Filter>
    </ClCompile>
    <ClCompile Include="$(MSBuildThisFileDirectory)..\..\..\..\Source\Shared\V3DEngineTests\V3DEngine\V3DMathemathics\V3DVector3DTest.cpp">
      <Filter>Source\V3DEngine\V3DMathematics</Filter>
    </ClCompile>
    <ClCompile Include="$(MSBuildThisFileDirectory)..\..\..\..\Source\Shared\V3DEngineTests\V3DEngine\V3DMathemathics\V3DCircleTest.cpp">
      <Filter>Source\V3DEngine\V3DMathematics</Filter>
    </ClCompile>
    <ClCompile Include="$(MSBuildThisFileDirectory)..\..\..\..\Source\Shared\V3DEngineTests\V3DEngine\V3DMathemathics\V3DRectangleTest.cpp">
      <Filter>Source\V3DEngine\V3DMathematics</Filter>
    </ClCompile>
    <ClCompile Include="$(MSBuildThisFileDirectory)..\..\..\..\Source\Shared\V3DEngineTests\V3DEngine\V3DMathemathics\V3DVector4DTest.cpp">
      <Filter>Source\V3DEngine\V3DMathematics</Filter>
    </ClCompile>
    <ClCompile Include="$(MSBuildThisFileDirectory)..\..\..\..\Source\Shared\V3DEngineTests\V3DEngine\V3DMathemathics\V3DMatrix3Test.cpp">
      <Filter>Source\V3DEngine\V3DMathematics</Filter>
    </ClCompile>
    <ClCompile Include="$(MSBuildThisFileDirectory)..\..\..\..\Source\Shared\V3DEngineTests\V3DEngine\V3DMathemathics\V3DMatrix4Test.cpp">
      <Filter>Source\V3DEngine\V3DMathematics</Filter>
    </ClCompile>
    <ClCompile Include="$(MSBuildThisFileDirectory)..\..\..\..\Source\Shared\V3DEngineTests\V3DEngine\V3DMathemathics\V3DRandomTest.cpp">
      <Filter>Source\V3DEngine\V3DMathematics</Filter>
    </ClCompile>
    <ClCompile Include="$(MSBuildThisFileDirectory)..\..\..\..\Source\Shared\V3DEngineTests\V3DEngine\V3DMathemathics\V3DRandomClassicTest.cpp">
      <Filter>Source\V3DEngine\V3DMathematics</Filter>
    </ClCompile>
    <ClCompile Include="$(MSBuildThisFileDirectory)..\..\..\..\Source\Shared\V3DEngineTests\V3DEngine\V3DCollections\V3DLinkedListTests.cpp">
      <Filter>Source\V3DEngine\V3DCollections</Filter>
    </ClCompile>
    <ClCompile Include="$(MSBuildThisFileDirectory)..\..\..\..\Source\Shared\V3DEngineTests\V3DEngine\V3DCollections\V3DCollectionsTests.cpp">
      <Filter>Source\V3DEngine\V3DCollections</Filter>
    </ClCompile>
    <ClCompile Include="$(MSBuildThisFileDirectory)..\..\..\..\Source\Shared\V3DEngineTests\V3DEngine\V3DCollections\V3DDynamicArrayTests.cpp">
      <Filter>Source\V3DEngine\V3DCollections</Filter>
    </ClCompile>
    <ClCompile Include="$(MSBuildThisFileDirectory)..\..\..\..\Source\Shared\V3DEngineTests\V3DEngine\V3DCollections\V3DDecimalTreeTests.cpp">
      <Filter>Source\V3DEngine\V3DCollections</Filter>
    </ClCompile>
    <ClCompile Include="$(MSBuildThisFileDirectory)..\..\..\..\Source\Shared\V3DEngineTests\V3DEngine\V3DCollections\StdTests.cpp">
      <Filter>Source\V3DEngine\V3DCollections</Filter>
    </ClCompile>
    <ClCompile Include="$(MSBuildThisFileDirectory)..\..\..\..\Source\Shared\V3DEngineTests\V3DEngine\V3DCore\V3DDelegateEventTest.cpp">
      <Filter>Source\V3DEngine\V3DCore</Filter>
    </ClCompile>
    <ClCompile Include="$(MSBuildThisFileDirectory)..\..\..\..\Source\Shared\V3DEngineTests\V3DEngine\V3DCore\V3DComponentTest.cpp">
      <Filter>Source\V3DEngine\V3DCore</Filter>
    </ClCompile>
    <ClCompile Include="$(MSBuildThisFileDirectory)..\..\..\..\Source\Shared\V3DEngineTests\V3DTestObject\V3DTestGameComponent.cpp">
      <Filter>Source\V3DTestObject</Filter>
    </ClCompile>
    <ClCompile Include="$(MSBuildThisFileDirectory)..\..\..\..\Source\Shared\V3DEngineTests\V3DTestObject\V3DTestLayer.cpp">
      <Filter>Source\V3DTestObject</Filter>
    </ClCompile>
    <ClCompile Include="$(MSBuildThisFileDirectory)..\..\..\..\Source\Shared\V3DEngineTests\V3DTestObject\V3DTestLayerPool.cpp">
      <Filter>Source\V3DTestObject</Filter>
    </ClCompile>
    <ClCompile Include="$(MSBuildThisFileDirectory)..\..\..\..\Source\Shared\V3DEngineTests\V3DTestObject\V3DTestObjectA.cpp">
      <Filter>Source\V3DTestObject</Filter>
    </ClCompile>
    <ClCompile Include="$(MSBuildThisFileDirectory)..\..\..\..\Source\Shared\V3DEngineTests\V3DTestObject\V3DTestObjectB.cpp">
      <Filter>Source\V3DTestObject</Filter>
    </ClCompile>
    <ClCompile Include="$(MSBuildThisFileDirectory)..\..\..\..\Source\Shared\V3DEngineTests\V3DTestObject\V3DTestSprite.cpp">
      <Filter>Source\V3DTestObject</Filter>
    </ClCompile>
    <ClCompile Include="$(MSBuildThisFileDirectory)..\..\..\..\Source\Shared\V3DEngineTests\V3DEngine\V3DIO\V3DFileTest.cpp">
      <Filter>Source\V3DEngine\V3DIO</Filter>
    </ClCompile>
    <ClCompile Include="$(MSBuildThisFileDirectory)..\..\..\..\Source\Shared\V3DEngineTests\V3DEngine\V3DIO\V3DFolderTest.cpp">
      <Filter>Source\V3DEngine\V3DIO</Filter>
    </ClCompile>
    <ClCompile Include="$(MSBuildThisFileDirectory)..\..\..\..\Source\Shared\V3DEngineTests\V3DEngine\V3DIO\V3DTextRWTest.cpp">
      <Filter>Source\V3DEngine\V3DIO</Filter>
    </ClCompile>
  </ItemGroup>
</Project>