<?xml version="1.0" encoding="utf-8"?>
<Project ToolsVersion="4.0" xmlns="http://schemas.microsoft.com/developer/msbuild/2003">
  <ItemGroup>
    <Filter Include="Source">
      <UniqueIdentifier>{c5583712-36a2-4b83-b147-45df644613dc}</UniqueIdentifier>
    </Filter>
    <Filter Include="Source\V3DIO">
      <UniqueIdentifier>{3906121f-d96b-4b93-b21e-4eadb25a4f33}</UniqueIdentifier>
    </Filter>
  </ItemGroup>
  <ItemGroup>
    <ClInclude Include="..\..\..\..\Source\Android\V3DEngine\V3DEngineLibrary.h">
      <Filter>Source</Filter>
    </ClInclude>
    <ClInclude Include="..\..\..\..\Source\Android\V3DEngine\V3DIO\V3DOstream.h">
      <Filter>Source\V3DIO</Filter>
    </ClInclude>
  </ItemGroup>
</Project>