<?xml version="1.0" encoding="utf-8"?>
<Project ToolsVersion="4.0" xmlns="http://schemas.microsoft.com/developer/msbuild/2003">
  <ItemGroup>
    <Filter Include="Source">
      <UniqueIdentifier>{4FC737F1-C7A5-4376-A066-2A32D752A2FF}</UniqueIdentifier>
      <Extensions>qml;cpp;c;cc;cxx;def;odl;idl;hpj;bat;asm;asmx</Extensions>
    </Filter>
    <Filter Include="Source\V3DEdView">
      <UniqueIdentifier>{0130d970-aaf4-4406-a4a9-9127fb8d8aa8}</UniqueIdentifier>
    </Filter>
    <Filter Include="Resources">
      <UniqueIdentifier>{67DA6AB6-F800-4c08-8B7A-83BB121AAD01}</UniqueIdentifier>
      <Extensions>qrc;rc;ico;cur;bmp;dlg;rc2;rct;bin;rgs;gif;jpg;jpeg;jpe;resx;tiff;tif;png;wav;mfcribbon-ms</Extensions>
    </Filter>
    <Filter Include="Source\V3DEdCore">
      <UniqueIdentifier>{53f24ddd-aec2-4133-a5d9-915ea22c67f2}</UniqueIdentifier>
    </Filter>
    <Filter Include="Source\V3DEdController">
      <UniqueIdentifier>{85f1b7dc-8092-4421-adec-f6e8165a0b10}</UniqueIdentifier>
    </Filter>
    <Filter Include="Source\V3DEdService">
      <UniqueIdentifier>{710c2060-fbf3-43cb-b21d-e809eb5c9830}</UniqueIdentifier>
    </Filter>
    <Filter Include="Source\V3DEdModel">
      <UniqueIdentifier>{1a512cfa-b449-41b2-b08a-b25c093f98ad}</UniqueIdentifier>
    </Filter>
    <Filter Include="Source\V3DEdLocator">
      <UniqueIdentifier>{e07cef0b-e19e-4c10-a31b-03ebf260915f}</UniqueIdentifier>
    </Filter>
  </ItemGroup>
  <ItemGroup>
    <ClCompile Include="..\..\..\..\Source\Windows\V3DEditor\Main.cpp">
      <Filter>Source</Filter>
    </ClCompile>
    <ClCompile Include="..\..\..\..\Source\Windows\V3DEditor\V3DEdView\V3DEdMainView.cpp">
      <Filter>Source\V3DEdView</Filter>
    </ClCompile>
    <ClCompile Include="..\..\..\..\Source\Windows\V3DEditor\V3DEdClient.cpp">
      <Filter>Source</Filter>
    </ClCompile>
    <ClCompile Include="..\..\..\..\Source\Windows\V3DEditor\V3DEdCore\V3DEdEnvironment.cpp">
      <Filter>Source\V3DEdCore</Filter>
    </ClCompile>
    <ClCompile Include="..\..\..\..\Source\Windows\V3DEditor\V3DEdApp.cpp">
      <Filter>Source</Filter>
    </ClCompile>
    <ClCompile Include="..\..\..\..\Source\Windows\V3DEditor\V3DIocManager.cpp">
      <Filter>Source</Filter>
    </ClCompile>
    <ClCompile Include="..\..\..\..\Source\Windows\V3DEditor\V3DEdController\V3DEdMainController.cpp">
      <Filter>Source\V3DEdController</Filter>
    </ClCompile>
    <ClCompile Include="..\..\..\..\Source\Windows\V3DEditor\V3DEdService\V3DEdMainService.cpp">
      <Filter>Source\V3DEdService</Filter>
    </ClCompile>
    <ClCompile Include="..\..\..\..\Source\Windows\V3DEditor\V3DEdView\V3DEdViewManager.cpp">
      <Filter>Source\V3DEdView</Filter>
    </ClCompile>
    <ClCompile Include="..\..\..\..\Source\Windows\V3DEditor\V3DEdLocator\V3DEdControllerLocator.cpp">
      <Filter>Source\V3DEdLocator</Filter>
    </ClCompile>
    <ClCompile Include="..\..\..\..\Source\Windows\V3DEditor\V3DEdLocator\V3DEdModelLocator.cpp">
      <Filter>Source\V3DEdLocator</Filter>
    </ClCompile>
    <ClCompile Include="..\..\..\..\Source\Windows\V3DEditor\V3DEdView\V3DEdViewBindings.cpp">
      <Filter>Source\V3DEdView</Filter>
    </ClCompile>
    <ClCompile Include="..\..\..\..\Source\Windows\V3DEditor\V3DEdView\V3DEdSettingsView.cpp">
      <Filter>Source\V3DEdView</Filter>
    </ClCompile>
  </ItemGroup>
  <ItemGroup>
    <QtMoc Include="..\..\..\..\Source\Windows\V3DEditor\V3DEdView\V3DEdMainView.h">
      <Filter>Source\V3DEdView</Filter>
    </QtMoc>
    <QtMoc Include="..\..\..\..\Source\Windows\V3DEditor\V3DEdView\V3DEdSettingsView.h">
      <Filter>Source\V3DEdView</Filter>
    </QtMoc>
  </ItemGroup>
  <ItemGroup>
    <QtUic Include="..\..\..\..\Source\Windows\V3DEditor\V3DEdView\V3DEdMainView.ui">
      <Filter>Source\V3DEdView</Filter>
    </QtUic>
    <QtUic Include="..\..\..\..\Source\Windows\V3DEditor\V3DEdView\V3DEdSettingsView.ui">
      <Filter>Source\V3DEdView</Filter>
    </QtUic>
  </ItemGroup>
  <ItemGroup>
    <Image Include="Resources\V3DEditor.ico">
      <Filter>Resources</Filter>
    </Image>
    <Image Include="Resources\command.png">
      <Filter>Resources</Filter>
    </Image>
    <Image Include="Resources\editor.png">
      <Filter>Resources</Filter>
    </Image>
    <Image Include="Resources\new.png">
      <Filter>Resources</Filter>
    </Image>
    <Image Include="Resources\open.png">
      <Filter>Resources</Filter>
    </Image>
    <Image Include="Resources\play.png">
      <Filter>Resources</Filter>
    </Image>
    <Image Include="Resources\qt.png">
      <Filter>Resources</Filter>
    </Image>
    <Image Include="Resources\redo.png">
      <Filter>Resources</Filter>
    </Image>
    <Image Include="Resources\refresh.png">
      <Filter>Resources</Filter>
    </Image>
    <Image Include="Resources\save.png">
      <Filter>Resources</Filter>
    </Image>
    <Image Include="Resources\saveAll.png">
      <Filter>Resources</Filter>
    </Image>
    <Image Include="Resources\search.png">
      <Filter>Resources</Filter>
    </Image>
    <Image Include="Resources\settings.png">
      <Filter>Resources</Filter>
    </Image>
    <Image Include="Resources\stop.png">
      <Filter>Resources</Filter>
    </Image>
    <Image Include="Resources\undo.png">
      <Filter>Resources</Filter>
    </Image>
    <Image Include="Resources\deleteAll.png">
      <Filter>Resources</Filter>
    </Image>
  </ItemGroup>
  <ItemGroup>
    <ResourceCompile Include="Resources\V3DEditor.rc">
      <Filter>Resources</Filter>
    </ResourceCompile>
  </ItemGroup>
  <ItemGroup>
    <QtRcc Include="Resources\V3DEdMainView.qrc">
      <Filter>Resources</Filter>
    </QtRcc>
  </ItemGroup>
  <ItemGroup>
    <ClInclude Include="..\..\..\..\Source\Windows\V3DEditor\V3DEdClient.h">
      <Filter>Source</Filter>
    </ClInclude>
    <ClInclude Include="..\..\..\..\Source\Windows\V3DEditor\V3DEdCore\V3DEdAssetPathType.h">
      <Filter>Source\V3DEdCore</Filter>
    </ClInclude>
    <ClInclude Include="..\..\..\..\Source\Windows\V3DEditor\V3DEdCore\V3DEdEnvironment.h">
      <Filter>Source\V3DEdCore</Filter>
    </ClInclude>
    <ClInclude Include="..\..\..\..\Source\Windows\V3DEditor\V3DEdCore\V3DEdIViewManager.h">
      <Filter>Source\V3DEdCore</Filter>
    </ClInclude>
    <ClInclude Include="..\..\..\..\Source\Windows\V3DEditor\V3DEdController\V3DEdMainController.h">
      <Filter>Source\V3DEdController</Filter>
    </ClInclude>
    <ClInclude Include="..\..\..\..\Source\Windows\V3DEditor\V3DEdService\V3DEdMainService.h">
      <Filter>Source\V3DEdService</Filter>
    </ClInclude>
    <ClInclude Include="..\..\..\..\Source\Windows\V3DEditor\V3DEdModel\V3DEdMainModel.h">
      <Filter>Source\V3DEdModel</Filter>
    </ClInclude>
    <ClInclude Include="..\..\..\..\Source\Windows\V3DEditor\V3DEdView\V3DEdViewManager.h">
      <Filter>Source\V3DEdView</Filter>
    </ClInclude>
    <ClInclude Include="..\..\..\..\Source\Windows\V3DEditor\V3DEdLocator\V3DEdControllerLocator.h">
      <Filter>Source\V3DEdLocator</Filter>
    </ClInclude>
    <ClInclude Include="..\..\..\..\Source\Windows\V3DEditor\V3DEdLocator\V3DEdModelLocator.h">
      <Filter>Source\V3DEdLocator</Filter>
    </ClInclude>
    <ClInclude Include="..\..\..\..\Source\Windows\V3DEditor\V3DEdView\V3DEdViewBindings.h">
      <Filter>Source\V3DEdView</Filter>
    </ClInclude>
    <ClInclude Include="..\..\..\..\Source\Windows\V3DEditor\V3DEdModel\V3DEdCommands.h">
      <Filter>Source\V3DEdModel</Filter>
    </ClInclude>
    <ClInclude Include="..\..\..\..\Source\Windows\V3DEditor\V3DEdModel\V3DEdBindingModel.h">
      <Filter>Source\V3DEdModel</Filter>
    </ClInclude>
    <ClInclude Include="..\..\..\..\Source\Windows\V3DEditor\V3DEdModel\V3DEdSettingsModel.h">
      <Filter>Source\V3DEdModel</Filter>
    </ClInclude>
  </ItemGroup>
</Project>