<?xml version="1.0" encoding="utf-8"?>
<Project ToolsVersion="4.0" xmlns="http://schemas.microsoft.com/developer/msbuild/2003">
  <ItemGroup>
    <Filter Include="Source">
      <UniqueIdentifier>{a9958820-fcc5-41d0-944d-f5f7e009c680}</UniqueIdentifier>
    </Filter>
    <Filter Include="Source\V3DGameEngine">
      <UniqueIdentifier>{2bd0dd61-7f59-41ff-b5d6-7842eee49f3d}</UniqueIdentifier>
    </Filter>
    <Filter Include="Source\V3DMathematics">
      <UniqueIdentifier>{f1dc15c4-14c0-4753-ae4a-88f157999f3e}</UniqueIdentifier>
    </Filter>
    <Filter Include="Source\V3DCore">
      <UniqueIdentifier>{0c26d353-dfd7-408b-a538-c09a7d8b3b54}</UniqueIdentifier>
    </Filter>
    <Filter Include="Source\V3DIO">
      <UniqueIdentifier>{b0e960cf-810a-4f33-8645-9d4e3d035df6}</UniqueIdentifier>
    </Filter>
    <Filter Include="Source\V3DData">
      <UniqueIdentifier>{2dc6a3a9-d41c-44fe-8392-eb7d407f631c}</UniqueIdentifier>
    </Filter>
    <Filter Include="Source\V3DCollections">
      <UniqueIdentifier>{d6793fbc-d9c9-4173-a5bb-122ca24da87a}</UniqueIdentifier>
    </Filter>
    <Filter Include="Source\V3DNetwork">
      <UniqueIdentifier>{bb9a8940-7c5e-4c43-af42-72428d66a19b}</UniqueIdentifier>
    </Filter>
    <Filter Include="Source\V3DCryptography">
      <UniqueIdentifier>{f8eb6129-0a00-4960-aafe-bc5f3f52aa34}</UniqueIdentifier>
    </Filter>
    <Filter Include="Source\V3DThreading">
      <UniqueIdentifier>{e1954edb-d6d5-4867-a088-a7152764ee25}</UniqueIdentifier>
    </Filter>
  </ItemGroup>
  <ItemGroup>
    <ClInclude Include="$(MSBuildThisFileDirectory)..\..\..\..\Source\Shared\V3DEngine\V3DMacros.h">
      <Filter>Source</Filter>
    </ClInclude>
    <ClInclude Include="$(MSBuildThisFileDirectory)..\..\..\..\Source\Shared\V3DEngine\V3DGameEngine\V3DGameEngineFacade.h">
      <Filter>Source\V3DGameEngine</Filter>
    </ClInclude>
    <ClInclude Include="$(MSBuildThisFileDirectory)..\..\..\..\Source\Shared\V3DEngine\V3DTypes.h">
      <Filter>Source</Filter>
    </ClInclude>
    <ClInclude Include="$(MSBuildThisFileDirectory)..\..\..\..\Source\Shared\V3DEngine\V3DMathematics\V3DMath.h">
      <Filter>Source\V3DMathematics</Filter>
    </ClInclude>
    <ClInclude Include="$(MSBuildThisFileDirectory)..\..\..\..\Source\Shared\V3DEngine\V3DMathematics\V3DVector2D.h">
      <Filter>Source\V3DMathematics</Filter>
    </ClInclude>
    <ClInclude Include="$(MSBuildThisFileDirectory)..\..\..\..\Source\Shared\V3DEngine\V3DMathematics\V3DColor.h">
      <Filter>Source\V3DMathematics</Filter>
    </ClInclude>
    <ClInclude Include="$(MSBuildThisFileDirectory)..\..\..\..\Source\Shared\V3DEngine\V3DMathematics\V3DVector3D.h">
      <Filter>Source\V3DMathematics</Filter>
    </ClInclude>
    <ClInclude Include="$(MSBuildThisFileDirectory)..\..\..\..\Source\Shared\V3DEngine\V3DMathematics\V3DCircle.h">
      <Filter>Source\V3DMathematics</Filter>
    </ClInclude>
    <ClInclude Include="$(MSBuildThisFileDirectory)..\..\..\..\Source\Shared\V3DEngine\V3DMathematics\V3DRectangle.h">
      <Filter>Source\V3DMathematics</Filter>
    </ClInclude>
    <ClInclude Include="$(MSBuildThisFileDirectory)..\..\..\..\Source\Shared\V3DEngine\V3DMathematics\V3DVector4D.h">
      <Filter>Source\V3DMathematics</Filter>
    </ClInclude>
    <ClInclude Include="$(MSBuildThisFileDirectory)..\..\..\..\Source\Shared\V3DEngine\V3DMathematics\V3DMatrix3.h">
      <Filter>Source\V3DMathematics</Filter>
    </ClInclude>
    <ClInclude Include="$(MSBuildThisFileDirectory)..\..\..\..\Source\Shared\V3DEngine\V3DMathematics\V3DMatrix4.h">
      <Filter>Source\V3DMathematics</Filter>
    </ClInclude>
    <ClInclude Include="$(MSBuildThisFileDirectory)..\..\..\..\Source\Shared\V3DEngine\V3DMathematics\V3DRandom.h">
      <Filter>Source\V3DMathematics</Filter>
    </ClInclude>
    <ClInclude Include="$(MSBuildThisFileDirectory)..\..\..\..\Source\Shared\V3DEngine\V3DMathematics\V3DRandomClassic.h">
      <Filter>Source\V3DMathematics</Filter>
    </ClInclude>
    <ClInclude Include="$(MSBuildThisFileDirectory)..\..\..\..\Source\Shared\V3DEngine\V3DCore\V3DTuple.h">
      <Filter>Source\V3DCore</Filter>
    </ClInclude>
    <ClInclude Include="$(MSBuildThisFileDirectory)..\..\..\..\Source\Shared\V3DEngine\V3DCore\V3DStopper.h">
      <Filter>Source\V3DCore</Filter>
    </ClInclude>
    <ClInclude Include="$(MSBuildThisFileDirectory)..\..\..\..\Source\Shared\V3DEngine\V3DCore\V3DString.h">
      <Filter>Source\V3DCore</Filter>
    </ClInclude>
    <ClInclude Include="$(MSBuildThisFileDirectory)..\..\..\..\Source\Shared\V3DEngine\V3DCore\V3DMemory.h">
      <Filter>Source\V3DCore</Filter>
    </ClInclude>
    <ClInclude Include="$(MSBuildThisFileDirectory)..\..\..\..\Source\Shared\V3DEngine\V3DCore\V3DIoc.h">
      <Filter>Source\V3DCore</Filter>
    </ClInclude>
    <ClInclude Include="$(MSBuildThisFileDirectory)..\..\..\..\Source\Shared\V3DEngine\V3DIO\V3DLogger.h">
      <Filter>Source\V3DIO</Filter>
    </ClInclude>
    <ClInclude Include="$(MSBuildThisFileDirectory)..\..\..\..\Source\Shared\V3DEngine\V3DIO\V3DLogMessageType.h">
      <Filter>Source\V3DIO</Filter>
    </ClInclude>
    <ClInclude Include="$(MSBuildThisFileDirectory)..\..\..\..\Source\Shared\V3DEngine\V3DIO\V3DLogOutputType.h">
      <Filter>Source\V3DIO</Filter>
    </ClInclude>
    <ClInclude Include="$(MSBuildThisFileDirectory)..\..\..\..\Source\Shared\V3DEngine\V3DCore\V3DDateTime.h">
      <Filter>Source\V3DCore</Filter>
    </ClInclude>
    <ClInclude Include="$(MSBuildThisFileDirectory)..\..\..\..\Source\Shared\V3DEngine\V3DCore\V3DTimeSpan.h">
      <Filter>Source\V3DCore</Filter>
    </ClInclude>
    <ClInclude Include="$(MSBuildThisFileDirectory)..\..\..\..\Source\Shared\V3DEngine\V3DCollections\V3DObjectPool.h">
      <Filter>Source\V3DCollections</Filter>
    </ClInclude>
    <ClInclude Include="$(MSBuildThisFileDirectory)..\..\..\..\Source\Shared\V3DEngine\V3DCore\V3DTimeHour.h">
      <Filter>Source\V3DCore</Filter>
    </ClInclude>
    <ClInclude Include="$(MSBuildThisFileDirectory)..\..\..\..\Source\Shared\V3DEngine\V3DCore\V3DWatchHour.h">
      <Filter>Source\V3DCore</Filter>
    </ClInclude>
    <ClInclude Include="$(MSBuildThisFileDirectory)..\..\..\..\Source\Shared\V3DEngine\V3DCollections\V3DLinkedList.h">
      <Filter>Source\V3DCollections</Filter>
    </ClInclude>
    <ClInclude Include="$(MSBuildThisFileDirectory)..\..\..\..\Source\Shared\V3DEngine\V3DCollections\V3DLinkedListNode.h">
      <Filter>Source\V3DCollections</Filter>
    </ClInclude>
    <ClInclude Include="$(MSBuildThisFileDirectory)..\..\..\..\Source\Shared\V3DEngine\V3DCollections\V3DObjectPoolNode.h">
      <Filter>Source\V3DCollections</Filter>
    </ClInclude>
    <ClInclude Include="$(MSBuildThisFileDirectory)..\..\..\..\Source\Shared\V3DEngine\V3DCollections\V3DDynamicArray.h">
      <Filter>Source\V3DCollections</Filter>
    </ClInclude>
    <ClInclude Include="$(MSBuildThisFileDirectory)..\..\..\..\Source\Shared\V3DEngine\V3DCollections\V3DDecimalTree.h">
      <Filter>Source\V3DCollections</Filter>
    </ClInclude>
    <ClInclude Include="$(MSBuildThisFileDirectory)..\..\..\..\Source\Shared\V3DEngine\V3DCollections\V3DDecimalTreeNode.h">
      <Filter>Source\V3DCollections</Filter>
    </ClInclude>
    <ClInclude Include="$(MSBuildThisFileDirectory)..\..\..\..\Source\Shared\V3DEngine\V3DCore\V3DGameComponent.h">
      <Filter>Source\V3DCore</Filter>
    </ClInclude>
    <ClInclude Include="$(MSBuildThisFileDirectory)..\..\..\..\Source\Shared\V3DEngine\V3DCore\V3DDelegate.h">
      <Filter>Source\V3DCore</Filter>
    </ClInclude>
    <ClInclude Include="$(MSBuildThisFileDirectory)..\..\..\..\Source\Shared\V3DEngine\V3DCore\V3DEvent.h">
      <Filter>Source\V3DCore</Filter>
    </ClInclude>
    <ClInclude Include="$(MSBuildThisFileDirectory)..\..\..\..\Source\Shared\V3DEngine\V3DCore\V3DGameCompositeComponentPool.h">
      <Filter>Source\V3DCore</Filter>
    </ClInclude>
    <ClInclude Include="$(MSBuildThisFileDirectory)..\..\..\..\Source\Shared\V3DEngine\V3DCore\V3DGameCompositeComponent.h">
      <Filter>Source\V3DCore</Filter>
    </ClInclude>
    <ClInclude Include="$(MSBuildThisFileDirectory)..\..\..\..\Source\Shared\V3DEngine\V3DCore\V3DEnvironment.h">
      <Filter>Source\V3DCore</Filter>
    </ClInclude>
    <ClInclude Include="$(MSBuildThisFileDirectory)..\..\..\..\Source\Shared\V3DEngine\V3DCore\V3DAssetPathType.h">
      <Filter>Source\V3DCore</Filter>
    </ClInclude>
    <ClInclude Include="$(MSBuildThisFileDirectory)..\..\..\..\Source\Shared\V3DEngine\V3DIO\V3DFile.h">
      <Filter>Source\V3DIO</Filter>
    </ClInclude>
    <ClInclude Include="$(MSBuildThisFileDirectory)..\..\..\..\Source\Shared\V3DEngine\V3DIO\V3DFolder.h">
      <Filter>Source\V3DIO</Filter>
    </ClInclude>
    <ClInclude Include="$(MSBuildThisFileDirectory)..\..\..\..\Source\Shared\V3DEngine\V3DIO\V3DTextRW.h">
      <Filter>Source\V3DIO</Filter>
    </ClInclude>
    <ClInclude Include="$(MSBuildThisFileDirectory)..\..\..\..\Source\Shared\V3DEngine\V3DIO\V3DBinaryRW.h">
      <Filter>Source\V3DIO</Filter>
    </ClInclude>
    <ClInclude Include="$(MSBuildThisFileDirectory)..\..\..\..\Source\Shared\V3DEngine\V3DIO\V3DJsonIO.h">
      <Filter>Source\V3DIO</Filter>
    </ClInclude>
    <ClInclude Include="$(MSBuildThisFileDirectory)..\..\..\..\Source\Shared\V3DEngine\V3DIO\V3DMemoryStream.h">
      <Filter>Source\V3DIO</Filter>
    </ClInclude>
    <ClInclude Include="$(MSBuildThisFileDirectory)..\..\..\..\Source\Shared\V3DEngine\V3DCollections\V3DQueue.h">
      <Filter>Source\V3DCollections</Filter>
    </ClInclude>
    <ClInclude Include="$(MSBuildThisFileDirectory)..\..\..\..\Source\Shared\V3DEngine\V3DMathematics\V3DQuaternion.h">
      <Filter>Source\V3DMathematics</Filter>
    </ClInclude>
    <ClInclude Include="$(MSBuildThisFileDirectory)..\..\..\..\Source\Shared\V3DEngine\V3DIO\V3DSQLiteContext.h">
      <Filter>Source\V3DIO</Filter>
    </ClInclude>
    <ClInclude Include="$(MSBuildThisFileDirectory)..\..\..\..\Source\Shared\V3DEngine\V3DNetwork\V3DSocketAddress.h">
      <Filter>Source\V3DNetwork</Filter>
    </ClInclude>
    <ClInclude Include="$(MSBuildThisFileDirectory)..\..\..\..\Source\Shared\V3DEngine\V3DNetwork\V3DTCPSocket.h">
      <Filter>Source\V3DNetwork</Filter>
    </ClInclude>
    <ClInclude Include="$(MSBuildThisFileDirectory)..\..\..\..\Source\Shared\V3DEngine\V3DNetwork\V3DNet.h">
      <Filter>Source\V3DNetwork</Filter>
    </ClInclude>
    <ClInclude Include="$(MSBuildThisFileDirectory)..\..\..\..\Source\Shared\V3DEngine\V3DNetwork\V3DIpV4Address.h">
      <Filter>Source\V3DNetwork</Filter>
    </ClInclude>
    <ClInclude Include="$(MSBuildThisFileDirectory)..\..\..\..\Source\Shared\V3DEngine\V3DNetwork\V3DUDPSocket.h">
      <Filter>Source\V3DNetwork</Filter>
    </ClInclude>
    <ClInclude Include="$(MSBuildThisFileDirectory)..\..\..\..\Source\Shared\V3DEngine\V3DCryptography\V3DCryptographyHelper.h">
      <Filter>Source\V3DCryptography</Filter>
    </ClInclude>
    <ClInclude Include="$(MSBuildThisFileDirectory)..\..\..\..\Source\Shared\V3DEngine\V3DCryptography\V3DHashMethod.h">
      <Filter>Source\V3DCryptography</Filter>
    </ClInclude>
    <ClInclude Include="$(MSBuildThisFileDirectory)..\..\..\..\Source\Shared\V3DEngine\V3DCryptography\V3DHashType.h">
      <Filter>Source\V3DCryptography</Filter>
    </ClInclude>
    <ClInclude Include="$(MSBuildThisFileDirectory)..\..\..\..\Source\Shared\V3DEngine\V3DData\V3DISQLRepository.h">
      <Filter>Source\V3DData</Filter>
    </ClInclude>
    <ClInclude Include="$(MSBuildThisFileDirectory)..\..\..\..\Source\Shared\V3DEngine\V3DData\V3DIFileRepository.h">
      <Filter>Source\V3DData</Filter>
    </ClInclude>
    <ClInclude Include="$(MSBuildThisFileDirectory)..\..\..\..\Source\Shared\V3DEngine\V3DData\V3DITextRepository.h">
      <Filter>Source\V3DData</Filter>
    </ClInclude>
    <ClInclude Include="$(MSBuildThisFileDirectory)..\..\..\..\Source\Shared\V3DEngine\V3DData\V3DIStreamRepository.h">
      <Filter>Source\V3DData</Filter>
    </ClInclude>
    <ClInclude Include="$(MSBuildThisFileDirectory)..\..\..\..\Source\Shared\V3DEngine\V3DData\V3DAppDataSecurity.h">
      <Filter>Source\V3DData</Filter>
    </ClInclude>
    <ClInclude Include="$(MSBuildThisFileDirectory)..\..\..\..\Source\Shared\V3DEngine\V3DCollections\V3DArrayNode.h">
      <Filter>Source\V3DCollections</Filter>
    </ClInclude>
    <ClInclude Include="$(MSBuildThisFileDirectory)..\..\..\..\Source\Shared\V3DEngine\V3DCollections\V3DStack.h">
      <Filter>Source\V3DCollections</Filter>
    </ClInclude>
    <ClInclude Include="$(MSBuildThisFileDirectory)..\..\..\..\Source\Shared\V3DEngine\V3DThreading\V3DTaskBase.h">
      <Filter>Source\V3DThreading</Filter>
    </ClInclude>
    <ClInclude Include="$(MSBuildThisFileDirectory)..\..\..\..\Source\Shared\V3DEngine\V3DThreading\V3DTask.h">
      <Filter>Source\V3DThreading</Filter>
    </ClInclude>
    <ClInclude Include="$(MSBuildThisFileDirectory)..\..\..\..\Source\Shared\V3DEngine\V3DThreading\V3DTaskPool.h">
      <Filter>Source\V3DThreading</Filter>
    </ClInclude>
    <ClInclude Include="$(MSBuildThisFileDirectory)..\..\..\..\Source\Shared\V3DEngine\V3DCore\V3DIocManager.h">
      <Filter>Source\V3DCore</Filter>
    </ClInclude>
    <ClInclude Include="$(MSBuildThisFileDirectory)..\..\..\..\Source\Shared\V3DEngine\V3DIO\V3DISQLContext.h">
      <Filter>Source\V3DIO</Filter>
    </ClInclude>
    <ClInclude Include="$(MSBuildThisFileDirectory)..\..\..\..\Source\Shared\V3DEngine\V3DNetwork\V3DSocketHelper.h">
      <Filter>Source\V3DNetwork</Filter>
    </ClInclude>
    <ClInclude Include="$(MSBuildThisFileDirectory)..\..\..\..\Source\Shared\V3DEngine\V3DCore\V3DMemoryAllocatorTypes.h">
      <Filter>Source\V3DCore</Filter>
    </ClInclude>
    <ClInclude Include="$(MSBuildThisFileDirectory)..\..\..\..\Source\Shared\V3DEngine\V3DCore\V3DMemoryInfo.h">
      <Filter>Source\V3DCore</Filter>
    </ClInclude>
  </ItemGroup>
  <ItemGroup>
    <ClCompile Include="$(MSBuildThisFileDirectory)..\..\..\..\Source\Shared\V3DEngine\V3DGameEngine\V3DGameEngineFacade.cpp">
      <Filter>Source\V3DGameEngine</Filter>
    </ClCompile>
    <ClCompile Include="$(MSBuildThisFileDirectory)..\..\..\..\Source\Shared\V3DEngine\V3DMathematics\V3DMath.cpp">
      <Filter>Source\V3DMathematics</Filter>
    </ClCompile>
    <ClCompile Include="$(MSBuildThisFileDirectory)..\..\..\..\Source\Shared\V3DEngine\V3DMathematics\V3DVector2D.cpp">
      <Filter>Source\V3DMathematics</Filter>
    </ClCompile>
    <ClCompile Include="$(MSBuildThisFileDirectory)..\..\..\..\Source\Shared\V3DEngine\V3DMathematics\V3DColor.cpp">
      <Filter>Source\V3DMathematics</Filter>
    </ClCompile>
    <ClCompile Include="$(MSBuildThisFileDirectory)..\..\..\..\Source\Shared\V3DEngine\V3DMathematics\V3DVector3D.cpp">
      <Filter>Source\V3DMathematics</Filter>
    </ClCompile>
    <ClCompile Include="$(MSBuildThisFileDirectory)..\..\..\..\Source\Shared\V3DEngine\V3DMathematics\V3DCircle.cpp">
      <Filter>Source\V3DMathematics</Filter>
    </ClCompile>
    <ClCompile Include="$(MSBuildThisFileDirectory)..\..\..\..\Source\Shared\V3DEngine\V3DMathematics\V3DRectangle.cpp">
      <Filter>Source\V3DMathematics</Filter>
    </ClCompile>
    <ClCompile Include="$(MSBuildThisFileDirectory)..\..\..\..\Source\Shared\V3DEngine\V3DMathematics\V3DVector4D.cpp">
      <Filter>Source\V3DMathematics</Filter>
    </ClCompile>
    <ClCompile Include="$(MSBuildThisFileDirectory)..\..\..\..\Source\Shared\V3DEngine\V3DMathematics\V3DMatrix3.cpp">
      <Filter>Source\V3DMathematics</Filter>
    </ClCompile>
    <ClCompile Include="$(MSBuildThisFileDirectory)..\..\..\..\Source\Shared\V3DEngine\V3DMathematics\V3DMatrix4.cpp">
      <Filter>Source\V3DMathematics</Filter>
    </ClCompile>
    <ClCompile Include="$(MSBuildThisFileDirectory)..\..\..\..\Source\Shared\V3DEngine\V3DMathematics\V3DRandom.cpp">
      <Filter>Source\V3DMathematics</Filter>
    </ClCompile>
    <ClCompile Include="$(MSBuildThisFileDirectory)..\..\..\..\Source\Shared\V3DEngine\V3DMathematics\V3DRandomClassic.cpp">
      <Filter>Source\V3DMathematics</Filter>
    </ClCompile>
    <ClCompile Include="$(MSBuildThisFileDirectory)..\..\..\..\Source\Shared\V3DEngine\V3DCore\V3DStopper.cpp">
      <Filter>Source\V3DCore</Filter>
    </ClCompile>
    <ClCompile Include="$(MSBuildThisFileDirectory)..\..\..\..\Source\Shared\V3DEngine\V3DCore\V3DString.cpp">
      <Filter>Source\V3DCore</Filter>
    </ClCompile>
    <ClCompile Include="$(MSBuildThisFileDirectory)..\..\..\..\Source\Shared\V3DEngine\V3DCore\V3DMemory.cpp">
      <Filter>Source\V3DCore</Filter>
    </ClCompile>
    <ClCompile Include="$(MSBuildThisFileDirectory)..\..\..\..\Source\Shared\V3DEngine\V3DIO\V3DLogger.cpp">
      <Filter>Source\V3DIO</Filter>
    </ClCompile>
    <ClCompile Include="$(MSBuildThisFileDirectory)..\..\..\..\Source\Shared\V3DEngine\V3DCore\V3DDateTime.cpp">
      <Filter>Source\V3DCore</Filter>
    </ClCompile>
    <ClCompile Include="$(MSBuildThisFileDirectory)..\..\..\..\Source\Shared\V3DEngine\V3DCore\V3DTimeHour.cpp">
      <Filter>Source\V3DCore</Filter>
    </ClCompile>
    <ClCompile Include="$(MSBuildThisFileDirectory)..\..\..\..\Source\Shared\V3DEngine\V3DCore\V3DWatchHour.cpp">
      <Filter>Source\V3DCore</Filter>
    </ClCompile>
    <ClCompile Include="$(MSBuildThisFileDirectory)..\..\..\..\Source\Shared\V3DEngine\V3DCore\V3DGameComponent.cpp">
      <Filter>Source\V3DCore</Filter>
    </ClCompile>
    <ClCompile Include="$(MSBuildThisFileDirectory)..\..\..\..\Source\Shared\V3DEngine\V3DCore\V3DGameCompositeComponent.cpp">
      <Filter>Source\V3DCore</Filter>
    </ClCompile>
    <ClCompile Include="$(MSBuildThisFileDirectory)..\..\..\..\Source\Shared\V3DEngine\V3DCore\V3DEnvironment.cpp">
      <Filter>Source\V3DCore</Filter>
    </ClCompile>
    <ClCompile Include="$(MSBuildThisFileDirectory)..\..\..\..\Source\Shared\V3DEngine\V3DIO\V3DMemoryStream.cpp">
      <Filter>Source\V3DIO</Filter>
    </ClCompile>
    <ClCompile Include="$(MSBuildThisFileDirectory)..\..\..\..\Source\Shared\V3DEngine\V3DMathematics\V3DQuaternion.cpp">
      <Filter>Source\V3DMathematics</Filter>
    </ClCompile>
    <ClCompile Include="$(MSBuildThisFileDirectory)..\..\..\..\Source\Shared\V3DEngine\V3DNetwork\V3DSocketAddress.cpp">
      <Filter>Source\V3DNetwork</Filter>
    </ClCompile>
    <ClCompile Include="$(MSBuildThisFileDirectory)..\..\..\..\Source\Shared\V3DEngine\V3DNetwork\V3DIpV4Address.cpp">
      <Filter>Source\V3DNetwork</Filter>
    </ClCompile>
    <ClCompile Include="$(MSBuildThisFileDirectory)..\..\..\..\Source\Shared\V3DEngine\V3DNetwork\V3DTCPSocket.cpp">
      <Filter>Source\V3DNetwork</Filter>
    </ClCompile>
    <ClCompile Include="$(MSBuildThisFileDirectory)..\..\..\..\Source\Shared\V3DEngine\V3DNetwork\V3DUDPSocket.cpp">
      <Filter>Source\V3DNetwork</Filter>
    </ClCompile>
    <ClCompile Include="$(MSBuildThisFileDirectory)..\..\..\..\Source\Shared\V3DEngine\V3DCryptography\V3DCryptographyHelper.cpp">
      <Filter>Source\V3DCryptography</Filter>
    </ClCompile>
    <ClCompile Include="$(MSBuildThisFileDirectory)..\..\..\..\Source\Shared\V3DEngine\V3DCryptography\V3DHashMethod.cpp">
      <Filter>Source\V3DCryptography</Filter>
    </ClCompile>
    <ClCompile Include="$(MSBuildThisFileDirectory)..\..\..\..\Source\Shared\V3DEngine\V3DData\V3DAppDataSecurity.cpp">
      <Filter>Source\V3DData</Filter>
    </ClCompile>
    <ClCompile Include="$(MSBuildThisFileDirectory)..\..\..\..\Source\Shared\V3DEngine\V3DThreading\V3DTaskBase.cpp">
      <Filter>Source\V3DThreading</Filter>
    </ClCompile>
  </ItemGroup>
</Project>