<?xml version="1.0" encoding="utf-8"?>
<Project ToolsVersion="4.0" xmlns="http://schemas.microsoft.com/developer/msbuild/2003">
  <ItemGroup>
    <Filter Include="Source">
      <UniqueIdentifier>{a9958820-fcc5-41d0-944d-f5f7e009c680}</UniqueIdentifier>
    </Filter>
    <Filter Include="Source\V3DGameEngine">
      <UniqueIdentifier>{2bd0dd61-7f59-41ff-b5d6-7842eee49f3d}</UniqueIdentifier>
    </Filter>
    <Filter Include="Source\V3DMathematics">
      <UniqueIdentifier>{f1dc15c4-14c0-4753-ae4a-88f157999f3e}</UniqueIdentifier>
    </Filter>
    <Filter Include="Source\V3DCore">
      <UniqueIdentifier>{0c26d353-dfd7-408b-a538-c09a7d8b3b54}</UniqueIdentifier>
    </Filter>
    <Filter Include="Source\V3DIO">
      <UniqueIdentifier>{b0e960cf-810a-4f33-8645-9d4e3d035df6}</UniqueIdentifier>
    </Filter>
    <Filter Include="Source\V3DData">
      <UniqueIdentifier>{2dc6a3a9-d41c-44fe-8392-eb7d407f631c}</UniqueIdentifier>
    </Filter>
    <Filter Include="Source\V3DCollections">
      <UniqueIdentifier>{d6793fbc-d9c9-4173-a5bb-122ca24da87a}</UniqueIdentifier>
    </Filter>
  </ItemGroup>
  <ItemGroup>
    <ClInclude Include="$(MSBuildThisFileDirectory)..\..\..\..\Source\Shared\V3DEngine\V3DMacros.h">
      <Filter>Source</Filter>
    </ClInclude>
    <ClInclude Include="$(MSBuildThisFileDirectory)..\..\..\..\Source\Shared\V3DEngine\V3DGameEngine\V3DGameEngineFacade.h">
      <Filter>Source\V3DGameEngine</Filter>
    </ClInclude>
    <ClInclude Include="$(MSBuildThisFileDirectory)..\..\..\..\Source\Shared\V3DEngine\V3DTypes.h">
      <Filter>Source</Filter>
    </ClInclude>
    <ClInclude Include="$(MSBuildThisFileDirectory)..\..\..\..\Source\Shared\V3DEngine\V3DMathematics\V3DMath.h">
      <Filter>Source\V3DMathematics</Filter>
    </ClInclude>
    <ClInclude Include="$(MSBuildThisFileDirectory)..\..\..\..\Source\Shared\V3DEngine\V3DMathematics\V3DVector2D.h">
      <Filter>Source\V3DMathematics</Filter>
    </ClInclude>
    <ClInclude Include="$(MSBuildThisFileDirectory)..\..\..\..\Source\Shared\V3DEngine\V3DMathematics\V3DColor.h">
      <Filter>Source\V3DMathematics</Filter>
    </ClInclude>
    <ClInclude Include="$(MSBuildThisFileDirectory)..\..\..\..\Source\Shared\V3DEngine\V3DMathematics\V3DVector3D.h">
      <Filter>Source\V3DMathematics</Filter>
    </ClInclude>
    <ClInclude Include="$(MSBuildThisFileDirectory)..\..\..\..\Source\Shared\V3DEngine\V3DMathematics\V3DCircle.h">
      <Filter>Source\V3DMathematics</Filter>
    </ClInclude>
    <ClInclude Include="$(MSBuildThisFileDirectory)..\..\..\..\Source\Shared\V3DEngine\V3DMathematics\V3DRectangle.h">
      <Filter>Source\V3DMathematics</Filter>
    </ClInclude>
    <ClInclude Include="$(MSBuildThisFileDirectory)..\..\..\..\Source\Shared\V3DEngine\V3DMathematics\V3DVector4D.h">
      <Filter>Source\V3DMathematics</Filter>
    </ClInclude>
    <ClInclude Include="$(MSBuildThisFileDirectory)..\..\..\..\Source\Shared\V3DEngine\V3DMathematics\V3DMatrix3.h">
      <Filter>Source\V3DMathematics</Filter>
    </ClInclude>
    <ClInclude Include="$(MSBuildThisFileDirectory)..\..\..\..\Source\Shared\V3DEngine\V3DMathematics\V3DMatrix4.h">
      <Filter>Source\V3DMathematics</Filter>
    </ClInclude>
    <ClInclude Include="$(MSBuildThisFileDirectory)..\..\..\..\Source\Shared\V3DEngine\V3DMathematics\V3DRandom.h">
      <Filter>Source\V3DMathematics</Filter>
    </ClInclude>
    <ClInclude Include="$(MSBuildThisFileDirectory)..\..\..\..\Source\Shared\V3DEngine\V3DMathematics\V3DRandomClassic.h">
      <Filter>Source\V3DMathematics</Filter>
    </ClInclude>
    <ClInclude Include="$(MSBuildThisFileDirectory)..\..\..\..\Source\Shared\V3DEngine\V3DCore\V3DTuple.h">
      <Filter>Source\V3DCore</Filter>
    </ClInclude>
    <ClInclude Include="$(MSBuildThisFileDirectory)..\..\..\..\Source\Shared\V3DEngine\V3DCore\V3DStopper.h">
      <Filter>Source\V3DCore</Filter>
    </ClInclude>
    <ClInclude Include="$(MSBuildThisFileDirectory)..\..\..\..\Source\Shared\V3DEngine\V3DCore\V3DVFSPathType.h">
      <Filter>Source\V3DCore</Filter>
    </ClInclude>
    <ClInclude Include="$(MSBuildThisFileDirectory)..\..\..\..\Source\Shared\V3DEngine\V3DCore\V3DString.h">
      <Filter>Source\V3DCore</Filter>
    </ClInclude>
    <ClInclude Include="$(MSBuildThisFileDirectory)..\..\..\..\Source\Shared\V3DEngine\V3DCore\V3DMemory.h">
      <Filter>Source\V3DCore</Filter>
    </ClInclude>
    <ClInclude Include="$(MSBuildThisFileDirectory)..\..\..\..\Source\Shared\V3DEngine\V3DCore\V3DIoc.h">
      <Filter>Source\V3DCore</Filter>
    </ClInclude>
    <ClInclude Include="$(MSBuildThisFileDirectory)..\..\..\..\Source\Shared\V3DEngine\V3DIO\V3DLogger.h">
      <Filter>Source\V3DIO</Filter>
    </ClInclude>
    <ClInclude Include="$(MSBuildThisFileDirectory)..\..\..\..\Source\Shared\V3DEngine\V3DIO\V3DLogMessageType.h">
      <Filter>Source\V3DIO</Filter>
    </ClInclude>
    <ClInclude Include="$(MSBuildThisFileDirectory)..\..\..\..\Source\Shared\V3DEngine\V3DIO\V3DLogOutputType.h">
      <Filter>Source\V3DIO</Filter>
    </ClInclude>
    <ClInclude Include="$(MSBuildThisFileDirectory)..\..\..\..\Source\Shared\V3DEngine\V3DCore\V3DDateTime.h">
      <Filter>Source\V3DCore</Filter>
    </ClInclude>
    <ClInclude Include="$(MSBuildThisFileDirectory)..\..\..\..\Source\Shared\V3DEngine\V3DCore\V3DTimeSpan.h">
      <Filter>Source\V3DCore</Filter>
    </ClInclude>
    <ClInclude Include="$(MSBuildThisFileDirectory)..\..\..\..\Source\Shared\V3DEngine\V3DIO\V3DIOStream.h">
      <Filter>Source\V3DIO</Filter>
    </ClInclude>
    <ClInclude Include="$(MSBuildThisFileDirectory)..\..\..\..\Source\Shared\V3DEngine\V3DCollections\V3DObjectPool.h">
      <Filter>Source\V3DCollections</Filter>
    </ClInclude>
    <ClInclude Include="$(MSBuildThisFileDirectory)..\..\..\..\Source\Shared\V3DEngine\V3DCore\V3DTimeHour.h">
      <Filter>Source\V3DCore</Filter>
    </ClInclude>
    <ClInclude Include="$(MSBuildThisFileDirectory)..\..\..\..\Source\Shared\V3DEngine\V3DCore\V3DWatchHour.h">
      <Filter>Source\V3DCore</Filter>
    </ClInclude>
    <ClInclude Include="$(MSBuildThisFileDirectory)..\..\..\..\Source\Shared\V3DEngine\V3DCollections\V3DLinkedList.h">
      <Filter>Source\V3DCollections</Filter>
    </ClInclude>
    <ClInclude Include="$(MSBuildThisFileDirectory)..\..\..\..\Source\Shared\V3DEngine\V3DCollections\V3DLinkedListNode.h">
      <Filter>Source\V3DCollections</Filter>
    </ClInclude>
    <ClInclude Include="$(MSBuildThisFileDirectory)..\..\..\..\Source\Shared\V3DEngine\V3DCollections\V3DObjectPoolNode.h">
      <Filter>Source\V3DCollections</Filter>
    </ClInclude>
  </ItemGroup>
  <ItemGroup>
    <ClCompile Include="$(MSBuildThisFileDirectory)..\..\..\..\Source\Shared\V3DEngine\V3DGameEngine\V3DGameEngineFacade.cpp">
      <Filter>Source\V3DGameEngine</Filter>
    </ClCompile>
    <ClCompile Include="$(MSBuildThisFileDirectory)..\..\..\..\Source\Shared\V3DEngine\V3DMathematics\V3DMath.cpp">
      <Filter>Source\V3DMathematics</Filter>
    </ClCompile>
    <ClCompile Include="$(MSBuildThisFileDirectory)..\..\..\..\Source\Shared\V3DEngine\V3DMathematics\V3DVector2D.cpp">
      <Filter>Source\V3DMathematics</Filter>
    </ClCompile>
    <ClCompile Include="$(MSBuildThisFileDirectory)..\..\..\..\Source\Shared\V3DEngine\V3DMathematics\V3DColor.cpp">
      <Filter>Source\V3DMathematics</Filter>
    </ClCompile>
    <ClCompile Include="$(MSBuildThisFileDirectory)..\..\..\..\Source\Shared\V3DEngine\V3DMathematics\V3DVector3D.cpp">
      <Filter>Source\V3DMathematics</Filter>
    </ClCompile>
    <ClCompile Include="$(MSBuildThisFileDirectory)..\..\..\..\Source\Shared\V3DEngine\V3DMathematics\V3DCircle.cpp">
      <Filter>Source\V3DMathematics</Filter>
    </ClCompile>
    <ClCompile Include="$(MSBuildThisFileDirectory)..\..\..\..\Source\Shared\V3DEngine\V3DMathematics\V3DRectangle.cpp">
      <Filter>Source\V3DMathematics</Filter>
    </ClCompile>
    <ClCompile Include="$(MSBuildThisFileDirectory)..\..\..\..\Source\Shared\V3DEngine\V3DMathematics\V3DVector4D.cpp">
      <Filter>Source\V3DMathematics</Filter>
    </ClCompile>
    <ClCompile Include="$(MSBuildThisFileDirectory)..\..\..\..\Source\Shared\V3DEngine\V3DMathematics\V3DMatrix3.cpp">
      <Filter>Source\V3DMathematics</Filter>
    </ClCompile>
    <ClCompile Include="$(MSBuildThisFileDirectory)..\..\..\..\Source\Shared\V3DEngine\V3DMathematics\V3DMatrix4.cpp">
      <Filter>Source\V3DMathematics</Filter>
    </ClCompile>
    <ClCompile Include="$(MSBuildThisFileDirectory)..\..\..\..\Source\Shared\V3DEngine\V3DMathematics\V3DRandom.cpp">
      <Filter>Source\V3DMathematics</Filter>
    </ClCompile>
    <ClCompile Include="$(MSBuildThisFileDirectory)..\..\..\..\Source\Shared\V3DEngine\V3DMathematics\V3DRandomClassic.cpp">
      <Filter>Source\V3DMathematics</Filter>
    </ClCompile>
    <ClCompile Include="$(MSBuildThisFileDirectory)..\..\..\..\Source\Shared\V3DEngine\V3DCore\V3DStopper.cpp">
      <Filter>Source\V3DCore</Filter>
    </ClCompile>
    <ClCompile Include="$(MSBuildThisFileDirectory)..\..\..\..\Source\Shared\V3DEngine\V3DCore\V3DString.cpp">
      <Filter>Source\V3DCore</Filter>
    </ClCompile>
    <ClCompile Include="$(MSBuildThisFileDirectory)..\..\..\..\Source\Shared\V3DEngine\V3DCore\V3DMemory.cpp">
      <Filter>Source\V3DCore</Filter>
    </ClCompile>
    <ClCompile Include="$(MSBuildThisFileDirectory)..\..\..\..\Source\Shared\V3DEngine\V3DIO\V3DLogger.cpp">
      <Filter>Source\V3DIO</Filter>
    </ClCompile>
    <ClCompile Include="$(MSBuildThisFileDirectory)..\..\..\..\Source\Shared\V3DEngine\V3DCore\V3DDateTime.cpp">
      <Filter>Source\V3DCore</Filter>
    </ClCompile>
    <ClCompile Include="$(MSBuildThisFileDirectory)..\..\..\..\Source\Shared\V3DEngine\V3DCore\V3DTimeHour.cpp">
      <Filter>Source\V3DCore</Filter>
    </ClCompile>
    <ClCompile Include="$(MSBuildThisFileDirectory)..\..\..\..\Source\Shared\V3DEngine\V3DCore\V3DWatchHour.cpp">
      <Filter>Source\V3DCore</Filter>
    </ClCompile>
  </ItemGroup>
</Project>